
Microsoft Visual Studio Solution File, Format Version 12.00
# Visual Studio Version 17
VisualStudioVersion = 17.2.32630.192
MinimumVisualStudioVersion = 10.0.40219.1
Project("{9A19103F-16F7-4668-BE54-9A1E7A4F7556}") = "R5T.F0082.Construction", "R5T.F0082.Construction\R5T.F0082.Construction.csproj", "{BC4AB076-3847-4DFD-9A49-7F089CB4DA96}"
EndProject
Project("{9A19103F-16F7-4668-BE54-9A1E7A4F7556}") = "R5T.F0082", "R5T.F0082\R5T.F0082.csproj", "{6A626805-9E57-4FF0-A4FE-0B4E5B01D45F}"
EndProject
Global
	GlobalSection(SolutionConfigurationPlatforms) = preSolution
		Debug|Any CPU = Debug|Any CPU
		Release|Any CPU = Release|Any CPU
	EndGlobalSection
	GlobalSection(ProjectConfigurationPlatforms) = postSolution
		{BC4AB076-3847-4DFD-9A49-7F089CB4DA96}.Debug|Any CPU.ActiveCfg = Debug|Any CPU
		{BC4AB076-3847-4DFD-9A49-7F089CB4DA96}.Debug|Any CPU.Build.0 = Debug|Any CPU
		{BC4AB076-3847-4DFD-9A49-7F089CB4DA96}.Release|Any CPU.ActiveCfg = Release|Any CPU
		{BC4AB076-3847-4DFD-9A49-7F089CB4DA96}.Release|Any CPU.Build.0 = Release|Any CPU
		{6A626805-9E57-4FF0-A4FE-0B4E5B01D45F}.Debug|Any CPU.ActiveCfg = Debug|Any CPU
		{6A626805-9E57-4FF0-A4FE-0B4E5B01D45F}.Debug|Any CPU.Build.0 = Debug|Any CPU
		{6A626805-9E57-4FF0-A4FE-0B4E5B01D45F}.Release|Any CPU.ActiveCfg = Release|Any CPU
		{6A626805-9E57-4FF0-A4FE-0B4E5B01D45F}.Release|Any CPU.Build.0 = Release|Any CPU
	EndGlobalSection
	GlobalSection(SolutionProperties) = preSolution
		HideSolutionNode = FALSE
	EndGlobalSection
	GlobalSection(ExtensibilityGlobals) = postSolution
		SolutionGuid = {F6891E96-2A74-4BA4-AF2B-FD36D218A228}
	EndGlobalSection
EndGlobal
