
Microsoft Visual Studio Solution File, Format Version 12.00
# Visual Studio Version 17
VisualStudioVersion = 17.2.32630.192
MinimumVisualStudioVersion = 10.0.40219.1
Project("{9A19103F-16F7-4668-BE54-9A1E7A4F7556}") = "R5T.F0082.Construction", "R5T.F0082.Construction\R5T.F0082.Construction.csproj", "{BC4AB076-3847-4DFD-9A49-7F089CB4DA96}"
EndProject
Project("{9A19103F-16F7-4668-BE54-9A1E7A4F7556}") = "R5T.F0082", "R5T.F0082\R5T.F0082.csproj", "{6A626805-9E57-4FF0-A4FE-0B4E5B01D45F}"
EndProject
Project("{2150E333-8FDC-42A3-9474-1A3956D46DE8}") = "_Dependencies", "_Dependencies", "{ED9B80BF-15A0-4CA2-9B15-BF8F60EBEA1A}"
EndProject
Project("{9A19103F-16F7-4668-BE54-9A1E7A4F7556}") = "R5T.Z0022", "..\..\R5T.Z0022.Private\source\R5T.Z0022\R5T.Z0022.csproj", "{1930C501-C088-48EF-AA6F-895637D1422D}"
EndProject
Project("{9A19103F-16F7-4668-BE54-9A1E7A4F7556}") = "R5T.F0000", "..\..\R5T.F0000\source\R5T.F0000\R5T.F0000.csproj", "{B44826EA-7529-434D-A8CD-296EC312FE6E}"
EndProject
Project("{9A19103F-16F7-4668-BE54-9A1E7A4F7556}") = "R5T.T0131", "..\..\R5T.T0131\source\R5T.T0131\R5T.T0131.csproj", "{537CE876-2767-4817-A935-C32A3DF982DE}"
EndProject
Project("{9A19103F-16F7-4668-BE54-9A1E7A4F7556}") = "R5T.T0132", "..\..\R5T.T0132\source\R5T.T0132\R5T.T0132.csproj", "{6B663EC7-132B-415A-BE15-81FB29696161}"
EndProject
Project("{9A19103F-16F7-4668-BE54-9A1E7A4F7556}") = "R5T.T0142", "..\..\R5T.T0142\source\R5T.T0142\R5T.T0142.csproj", "{F4C83903-B4DF-4697-8EB6-E60029D97625}"
EndProject
Project("{9A19103F-16F7-4668-BE54-9A1E7A4F7556}") = "R5T.T0143", "..\..\R5T.T0143\source\R5T.T0143\R5T.T0143.csproj", "{1473422D-993B-4AC0-A3E5-0D23AF4DE2BA}"
EndProject
Project("{9A19103F-16F7-4668-BE54-9A1E7A4F7556}") = "R5T.Y0000", "..\..\R5T.Y0000\source\R5T.Y0000\R5T.Y0000.csproj", "{67299F75-0BFB-4D30-A082-A8A122EBF93F}"
EndProject
Project("{9A19103F-16F7-4668-BE54-9A1E7A4F7556}") = "R5T.Z0000", "..\..\R5T.Z0000\source\R5T.Z0000\R5T.Z0000.csproj", "{AC3A16B3-D2BD-44D6-B997-D7A6C61B4A4D}"
EndProject
Project("{9A19103F-16F7-4668-BE54-9A1E7A4F7556}") = "R5T.NG0006", "..\..\R5T.NG0006\source\R5T.NG0006\R5T.NG0006.csproj", "{1625A992-89C2-4F88-86A1-5BEC92BC7837}"
EndProject
Project("{9A19103F-16F7-4668-BE54-9A1E7A4F7556}") = "R5T.F0035", "..\..\R5T.F0035\source\R5T.F0035\R5T.F0035.csproj", "{4DC43FCA-EFC1-4DF7-8C53-BA3CC65D38AB}"
EndProject
Project("{9A19103F-16F7-4668-BE54-9A1E7A4F7556}") = "R5T.F0033", "..\..\R5T.F0033\source\R5T.F0033\R5T.F0033.csproj", "{3FD84E45-029F-4646-8970-AF069FF6DBCE}"
EndProject
Project("{9A19103F-16F7-4668-BE54-9A1E7A4F7556}") = "R5T.Z0015", "..\..\R5T.Z0015\source\R5T.Z0015\R5T.Z0015.csproj", "{D918D1E3-BD33-4E76-AA8A-9A601D910B7C}"
EndProject
Project("{9A19103F-16F7-4668-BE54-9A1E7A4F7556}") = "R5T.F0002", "..\..\R5T.F0002\source\R5T.F0002\R5T.F0002.csproj", "{2AAF8FFA-815A-43E4-A265-22B5FB1FC00E}"
EndProject
Project("{9A19103F-16F7-4668-BE54-9A1E7A4F7556}") = "R5T.F0035.F001", "..\..\R5T.F0035\source\R5T.F0035.F001\R5T.F0035.F001.csproj", "{4703BCCE-9F4B-468F-8FF6-71DFC3AFFB10}"
EndProject
Project("{9A19103F-16F7-4668-BE54-9A1E7A4F7556}") = "R5T.F0050", "..\..\R5T.F0050\source\R5T.F0050\R5T.F0050.csproj", "{933ED2E2-314D-4FF9-BB2A-BB75E1E718C6}"
EndProject
Project("{9A19103F-16F7-4668-BE54-9A1E7A4F7556}") = "R5T.NG0002", "..\..\R5T.NG0002\source\R5T.NG0002\R5T.NG0002.csproj", "{FD565AFF-3FCE-4B94-9CE6-A077D4FE14DF}"
EndProject
Project("{9A19103F-16F7-4668-BE54-9A1E7A4F7556}") = "R5T.NG0003", "..\..\R5T.NG0003\source\R5T.NG0003\R5T.NG0003.csproj", "{BE45E9B3-F024-4AA6-BC9C-840CF20A918C}"
EndProject
Project("{9A19103F-16F7-4668-BE54-9A1E7A4F7556}") = "R5T.T0156", "..\..\R5T.T0156\source\R5T.T0156\R5T.T0156.csproj", "{21A263CC-7473-443A-9546-69D65DA6C56B}"
EndProject
Project("{9A19103F-16F7-4668-BE54-9A1E7A4F7556}") = "R5T.T0158", "..\..\R5T.T0158\source\R5T.T0158\R5T.T0158.csproj", "{95CF028D-2C79-4E4F-888F-6842DD77DAF3}"
EndProject
Project("{9A19103F-16F7-4668-BE54-9A1E7A4F7556}") = "R5T.T0159", "..\..\R5T.T0159\source\R5T.T0159\R5T.T0159.csproj", "{EB6219F5-10B8-465B-BC45-6ADF3FA3C380}"
EndProject
Project("{9A19103F-16F7-4668-BE54-9A1E7A4F7556}") = "R5T.F0033.Platform", "..\..\R5T.F0033\source\R5T.F0033.Platform\R5T.F0033.Platform.csproj", "{9BF820E0-57D9-4763-9B9D-5AE3C7A46A31}"
EndProject
Project("{9A19103F-16F7-4668-BE54-9A1E7A4F7556}") = "R5T.F0059", "..\..\R5T.F0059\source\R5T.F0059\R5T.F0059.csproj", "{6A565314-FD18-4C40-8B67-F07AE3C2B24A}"
EndProject
Project("{9A19103F-16F7-4668-BE54-9A1E7A4F7556}") = "R5T.L0053", "..\..\R5T.L0053\source\R5T.L0053\R5T.L0053.csproj", "{AD4C5FE8-1E5D-458C-A6A5-42F21E787B87}"
EndProject
Project("{9A19103F-16F7-4668-BE54-9A1E7A4F7556}") = "R5T.L0066", "..\..\R5T.L0066\source\R5T.L0066\R5T.L0066.csproj", "{85D10946-C49B-4ACE-B451-13EAE70B7F36}"
EndProject
Project("{9A19103F-16F7-4668-BE54-9A1E7A4F7556}") = "R5T.L0071", "..\..\R5T.L0071\source\R5T.L0071\R5T.L0071.csproj", "{644F6B13-A713-4448-A3CA-BF1D32FB486F}"
EndProject
Project("{9A19103F-16F7-4668-BE54-9A1E7A4F7556}") = "R5T.L0089.F000", "..\..\R5T.L0089\source\R5T.L0089.F000\R5T.L0089.F000.csproj", "{07F9B346-22E2-4E44-827B-5CABA73E6F0F}"
EndProject
Project("{9A19103F-16F7-4668-BE54-9A1E7A4F7556}") = "R5T.L0089.T000", "..\..\R5T.L0089\source\R5T.L0089.T000\R5T.L0089.T000.csproj", "{F64CB798-0030-4472-9E31-9521F26B0B5A}"
EndProject
Project("{9A19103F-16F7-4668-BE54-9A1E7A4F7556}") = "R5T.L0089", "..\..\R5T.L0089\source\R5T.L0089\R5T.L0089.csproj", "{D9454A3B-C3D4-4C6D-829F-6F675B925172}"
EndProject
Project("{9A19103F-16F7-4668-BE54-9A1E7A4F7556}") = "R5T.T0178", "..\..\R5T.T0178\source\R5T.T0178\R5T.T0178.csproj", "{ABB71316-1643-49A3-971D-FC5A7C64A161}"
EndProject
Project("{9A19103F-16F7-4668-BE54-9A1E7A4F7556}") = "R5T.T0179", "..\..\R5T.T0179\source\R5T.T0179\R5T.T0179.csproj", "{CD0BC0D3-DE7D-4EAA-92B8-478F4E432E2C}"
EndProject
Project("{9A19103F-16F7-4668-BE54-9A1E7A4F7556}") = "R5T.T0180", "..\..\R5T.T0180\source\R5T.T0180\R5T.T0180.csproj", "{17AFCAE0-2772-41FA-BF2F-E67E61EF34EA}"
EndProject
Project("{9A19103F-16F7-4668-BE54-9A1E7A4F7556}") = "R5T.T0181", "..\..\R5T.T0181\source\R5T.T0181\R5T.T0181.csproj", "{2E01EB8D-728D-4EFD-A287-A1F704F1282D}"
EndProject
Project("{9A19103F-16F7-4668-BE54-9A1E7A4F7556}") = "R5T.T0221", "..\..\R5T.T0221\source\R5T.T0221\R5T.T0221.csproj", "{C148B95A-FA40-4AA8-9A81-1B673C4916B4}"
EndProject
Project("{9A19103F-16F7-4668-BE54-9A1E7A4F7556}") = "R5T.T0241", "..\..\R5T.T0241\source\R5T.T0241\R5T.T0241.csproj", "{8DA034ED-FEAC-4FD4-B9E4-E2CAEB467B88}"
EndProject
Project("{9A19103F-16F7-4668-BE54-9A1E7A4F7556}") = "R5T.T0246", "..\..\R5T.T0246\source\R5T.T0246\R5T.T0246.csproj", "{AC269BE6-253C-46B5-A029-9D2F2F2079C8}"
EndProject
Project("{9A19103F-16F7-4668-BE54-9A1E7A4F7556}") = "R5T.Y0006", "..\..\R5T.Y0006\source\R5T.Y0006\R5T.Y0006.csproj", "{66F83AE0-178B-4EDB-A1A5-C6009444D444}"
EndProject
Project("{9A19103F-16F7-4668-BE54-9A1E7A4F7556}") = "R5T.Z0010.Platform", "..\..\R5T.Z0010\source\R5T.Z0010.Platform\R5T.Z0010.Platform.csproj", "{A7BFA0CA-34EB-4620-AFB5-CEFA0FB3DEB9}"
EndProject
Project("{9A19103F-16F7-4668-BE54-9A1E7A4F7556}") = "R5T.Z0022.Z000", "..\..\R5T.Z0022.Private\source\R5T.Z0022.Z000\R5T.Z0022.Z000.csproj", "{BEC80C56-92BF-4942-9B6B-0E47E089C6EC}"
EndProject
Project("{9A19103F-16F7-4668-BE54-9A1E7A4F7556}") = "R5T.Z0022.Z001", "..\..\R5T.Z0022.Private\source\R5T.Z0022.Z001\R5T.Z0022.Z001.csproj", "{8779402C-1CA3-4AA9-BB55-A9D9851BEB62}"
EndProject
Project("{9A19103F-16F7-4668-BE54-9A1E7A4F7556}") = "R5T.Z0071.Z000", "..\..\R5T.Z0071\source\R5T.Z0071.Z000\R5T.Z0071.Z000.csproj", "{3B3691D6-52E0-43E9-98B2-3F69058A4095}"
EndProject
Project("{9A19103F-16F7-4668-BE54-9A1E7A4F7556}") = "R5T.Z0071.Z002", "..\..\R5T.Z0071\source\R5T.Z0071.Z002\R5T.Z0071.Z002.csproj", "{150BF3C9-6205-4EBC-9C00-576F4D97CBC4}"
EndProject
Project("{9A19103F-16F7-4668-BE54-9A1E7A4F7556}") = "R5T.Z0072.Z000", "..\..\R5T.Z0072\source\R5T.Z0072.Z000\R5T.Z0072.Z000.csproj", "{229D634B-D0EE-4D8D-A3FD-F84054DBECA6}"
EndProject
Project("{9A19103F-16F7-4668-BE54-9A1E7A4F7556}") = "R5T.Z0072.Z002", "..\..\R5T.Z0072\source\R5T.Z0072.Z002\R5T.Z0072.Z002.csproj", "{5A43ACA9-C3B9-42F3-ACC2-7F79C642C52E}"
EndProject
Project("{9A19103F-16F7-4668-BE54-9A1E7A4F7556}") = "R5T.F0082.F000", "R5T.F0082.F000\R5T.F0082.F000.csproj", "{52B1DC8A-DDE1-46CD-8E19-B99D7249497E}"
EndProject
Project("{9A19103F-16F7-4668-BE54-9A1E7A4F7556}") = "R5T.F0120", "..\..\R5T.F0120\source\R5T.F0120\R5T.F0120.csproj", "{14D8EA8E-7C5D-4581-B255-731723247857}"
EndProject
Project("{9A19103F-16F7-4668-BE54-9A1E7A4F7556}") = "R5T.F0124", "..\..\R5T.F0124\source\R5T.F0124\R5T.F0124.csproj", "{CDFBBDAB-5C33-4E81-AA67-BED8C0AA8CDF}"
EndProject
Project("{9A19103F-16F7-4668-BE54-9A1E7A4F7556}") = "R5T.F0125", "..\..\R5T.F0125\source\R5T.F0125\R5T.F0125.csproj", "{D8734C85-5997-4B44-A487-0EDF01031727}"
EndProject
Project("{9A19103F-16F7-4668-BE54-9A1E7A4F7556}") = "R5T.L0030.T000", "..\..\R5T.L0030\source\R5T.L0030.T000\R5T.L0030.T000.csproj", "{53C81A6B-F281-4917-91A4-C61D22B43F73}"
EndProject
Project("{9A19103F-16F7-4668-BE54-9A1E7A4F7556}") = "R5T.L0030", "..\..\R5T.L0030\source\R5T.L0030\R5T.L0030.csproj", "{777DFD55-F97E-4993-BAB4-83200AD05283}"
EndProject
Project("{9A19103F-16F7-4668-BE54-9A1E7A4F7556}") = "R5T.L0034", "..\..\R5T.L0034\source\R5T.L0034\R5T.L0034.csproj", "{4FB5DCA4-06A0-495A-B9DE-3C2603E1AD76}"
EndProject
Project("{9A19103F-16F7-4668-BE54-9A1E7A4F7556}") = "R5T.L0035", "..\..\R5T.L0035\source\R5T.L0035\R5T.L0035.csproj", "{DEB45310-A4CC-4637-96F4-163197D0252B}"
EndProject
Project("{9A19103F-16F7-4668-BE54-9A1E7A4F7556}") = "R5T.L0056", "..\..\R5T.L0056\source\R5T.L0056\R5T.L0056.csproj", "{E8902758-64E5-45DD-A0B3-BDB7D9DD3509}"
EndProject
Project("{9A19103F-16F7-4668-BE54-9A1E7A4F7556}") = "R5T.L0074", "..\..\R5T.L0074\source\R5T.L0074\R5T.L0074.csproj", "{2E221B60-53DE-4E4E-A46C-E938A85C50AB}"
EndProject
Project("{9A19103F-16F7-4668-BE54-9A1E7A4F7556}") = "R5T.NG0022", "..\..\R5T.NG0022\source\R5T.NG0022\R5T.NG0022.csproj", "{759A0846-91A9-469D-A966-D91D7A016AE7}"
EndProject
Project("{9A19103F-16F7-4668-BE54-9A1E7A4F7556}") = "R5T.T0150", "..\..\R5T.T0150\source\R5T.T0150\R5T.T0150.csproj", "{E40241A3-7E61-4E18-88EC-AACC6FDC414C}"
EndProject
Project("{9A19103F-16F7-4668-BE54-9A1E7A4F7556}") = "R5T.T0151", "..\..\R5T.T0151\source\R5T.T0151\R5T.T0151.csproj", "{8A431138-7B31-4171-84CF-B970928C023F}"
EndProject
Project("{9A19103F-16F7-4668-BE54-9A1E7A4F7556}") = "R5T.T0172", "..\..\R5T.T0172\source\R5T.T0172\R5T.T0172.csproj", "{FBA58866-5F44-4CE8-875D-47763B532CD5}"
EndProject
Project("{9A19103F-16F7-4668-BE54-9A1E7A4F7556}") = "R5T.T0174", "..\..\R5T.T0174\source\R5T.T0174\R5T.T0174.csproj", "{38AE953F-5E90-44D2-92D6-15B439CCB46C}"
EndProject
Project("{9A19103F-16F7-4668-BE54-9A1E7A4F7556}") = "R5T.T0176", "..\..\R5T.T0176\source\R5T.T0176\R5T.T0176.csproj", "{84A928EA-3228-491C-8F17-FBDBD86AD67A}"
EndProject
Project("{9A19103F-16F7-4668-BE54-9A1E7A4F7556}") = "R5T.T0177", "..\..\R5T.T0177\source\R5T.T0177\R5T.T0177.csproj", "{ADA3F69B-A15A-4988-B411-72EDEAC53B3A}"
EndProject
Project("{9A19103F-16F7-4668-BE54-9A1E7A4F7556}") = "R5T.T0185", "..\..\R5T.T0185\source\R5T.T0185\R5T.T0185.csproj", "{319E1195-9E8F-44DE-97CB-506650E135F8}"
EndProject
Project("{9A19103F-16F7-4668-BE54-9A1E7A4F7556}") = "R5T.T0199.T000", "..\..\R5T.T0199\source\R5T.T0199.T000\R5T.T0199.T000.csproj", "{50DA1DE6-9C02-4208-9CF1-DC763F1D4260}"
EndProject
Project("{9A19103F-16F7-4668-BE54-9A1E7A4F7556}") = "R5T.T0199.T001", "..\..\R5T.T0199\source\R5T.T0199.T001\R5T.T0199.T001.csproj", "{F4AAF22F-4CAF-4D29-9379-C40635D736BF}"
EndProject
Project("{9A19103F-16F7-4668-BE54-9A1E7A4F7556}") = "R5T.T0199", "..\..\R5T.T0199\source\R5T.T0199\R5T.T0199.csproj", "{AB0439B0-8AA5-449F-92A3-D87E7D244C75}"
EndProject
Project("{9A19103F-16F7-4668-BE54-9A1E7A4F7556}") = "R5T.T0203", "..\..\R5T.T0203\source\R5T.T0203\R5T.T0203.csproj", "{38E7728C-2D01-46B1-91D3-AEB85ED3FB32}"
EndProject
Project("{9A19103F-16F7-4668-BE54-9A1E7A4F7556}") = "R5T.T0213", "..\..\R5T.T0213\source\R5T.T0213\R5T.T0213.csproj", "{135FBC85-DD54-4960-AA35-3E70ABE5443E}"
EndProject
Project("{9A19103F-16F7-4668-BE54-9A1E7A4F7556}") = "R5T.T0218", "..\..\R5T.T0218\source\R5T.T0218\R5T.T0218.csproj", "{C210BAC7-4548-4481-BE85-00AAD069CD61}"
EndProject
Project("{9A19103F-16F7-4668-BE54-9A1E7A4F7556}") = "R5T.T0219", "..\..\R5T.T0219\source\R5T.T0219\R5T.T0219.csproj", "{17271749-96C4-4D2F-8D28-F4D5B71B74CD}"
EndProject
Project("{9A19103F-16F7-4668-BE54-9A1E7A4F7556}") = "R5T.T0220", "..\..\R5T.T0220\source\R5T.T0220\R5T.T0220.csproj", "{5C79D8A3-8E12-45D0-A558-5FEA9CB87404}"
EndProject
Project("{9A19103F-16F7-4668-BE54-9A1E7A4F7556}") = "R5T.T0227", "..\..\R5T.T0227\source\R5T.T0227\R5T.T0227.csproj", "{E0074032-AECA-4F23-9AA3-5A2469757C39}"
EndProject
Project("{9A19103F-16F7-4668-BE54-9A1E7A4F7556}") = "R5T.T0251", "..\..\R5T.T0251\source\R5T.T0251\R5T.T0251.csproj", "{8BC420A5-B73D-435C-8C4E-80C06F6F01D0}"
EndProject
Project("{9A19103F-16F7-4668-BE54-9A1E7A4F7556}") = "R5T.T0252", "..\..\R5T.T0252\source\R5T.T0252\R5T.T0252.csproj", "{99AB04FC-5DA5-45B8-8983-33EA57CB6D9B}"
EndProject
Project("{9A19103F-16F7-4668-BE54-9A1E7A4F7556}") = "R5T.Z0057.Platform", "..\..\R5T.Z0057\source\R5T.Z0057.Platform\R5T.Z0057.Platform.csproj", "{E27216C5-87D8-401A-8E25-C2E39B1CF5A2}"
EndProject
Project("{9A19103F-16F7-4668-BE54-9A1E7A4F7556}") = "R5T.Z0057", "..\..\R5T.Z0057\source\R5T.Z0057\R5T.Z0057.csproj", "{266B89BC-AB31-458E-8269-D5FCAA44232F}"
EndProject
Project("{9A19103F-16F7-4668-BE54-9A1E7A4F7556}") = "R5T.Z0058", "..\..\R5T.Z0058\source\R5T.Z0058\R5T.Z0058.csproj", "{1DE10616-643D-4ED4-9059-C1B46B6DDE8D}"
EndProject
Project("{9A19103F-16F7-4668-BE54-9A1E7A4F7556}") = "R5T.Z0072.Z001", "..\..\R5T.Z0072\source\R5T.Z0072.Z001\R5T.Z0072.Z001.csproj", "{2BA09E75-DFD4-450A-ACDB-3CFB5ECC4575}"
EndProject
Project("{9A19103F-16F7-4668-BE54-9A1E7A4F7556}") = "R5T.Z0072.Z004", "..\..\R5T.Z0072\source\R5T.Z0072.Z004\R5T.Z0072.Z004.csproj", "{EBD00C44-E894-4799-9347-6ACF7D6BB087}"
EndProject
Project("{9A19103F-16F7-4668-BE54-9A1E7A4F7556}") = "R5T.Z0063.Z000", "..\..\R5T.Z0063\source\R5T.Z0063.Z000\R5T.Z0063.Z000.csproj", "{D428E8BD-8026-4A69-917B-EC2611B4E0EB}"
EndProject
Project("{9A19103F-16F7-4668-BE54-9A1E7A4F7556}") = "R5T.Z0063.Z001", "..\..\R5T.Z0063\source\R5T.Z0063.Z001\R5T.Z0063.Z001.csproj", "{216F5238-717D-475B-81DC-A6F531C20ADB}"
EndProject
Project("{9A19103F-16F7-4668-BE54-9A1E7A4F7556}") = "R5T.Z0063.Z002", "..\..\R5T.Z0063\source\R5T.Z0063.Z002\R5T.Z0063.Z002.csproj", "{03D2C924-E99A-400B-8607-905937B0E2DC}"
EndProject
Project("{9A19103F-16F7-4668-BE54-9A1E7A4F7556}") = "R5T.Z0063.Z003", "..\..\R5T.Z0063\source\R5T.Z0063.Z003\R5T.Z0063.Z003.csproj", "{4C1169F7-ED88-4DD6-AAFE-F1EA7E7578A2}"
EndProject
Project("{9A19103F-16F7-4668-BE54-9A1E7A4F7556}") = "R5T.Z0063", "..\..\R5T.Z0063\source\R5T.Z0063\R5T.Z0063.csproj", "{826C457B-F319-4802-92F1-9BE4DF4A8AF3}"
EndProject
Project("{9A19103F-16F7-4668-BE54-9A1E7A4F7556}") = "R5T.F0103", "..\..\R5T.F0103\source\R5T.F0103\R5T.F0103.csproj", "{1495C006-3155-4167-B981-697632C14EEE}"
EndProject
Global
	GlobalSection(NestedProjects) = preSolution
		{1930C501-C088-48EF-AA6F-895637D1422D} = {ED9B80BF-15A0-4CA2-9B15-BF8F60EBEA1A}
		{B44826EA-7529-434D-A8CD-296EC312FE6E} = {ED9B80BF-15A0-4CA2-9B15-BF8F60EBEA1A}
		{537CE876-2767-4817-A935-C32A3DF982DE} = {ED9B80BF-15A0-4CA2-9B15-BF8F60EBEA1A}
		{6B663EC7-132B-415A-BE15-81FB29696161} = {ED9B80BF-15A0-4CA2-9B15-BF8F60EBEA1A}
		{F4C83903-B4DF-4697-8EB6-E60029D97625} = {ED9B80BF-15A0-4CA2-9B15-BF8F60EBEA1A}
		{1473422D-993B-4AC0-A3E5-0D23AF4DE2BA} = {ED9B80BF-15A0-4CA2-9B15-BF8F60EBEA1A}
		{67299F75-0BFB-4D30-A082-A8A122EBF93F} = {ED9B80BF-15A0-4CA2-9B15-BF8F60EBEA1A}
		{AC3A16B3-D2BD-44D6-B997-D7A6C61B4A4D} = {ED9B80BF-15A0-4CA2-9B15-BF8F60EBEA1A}
		{1625A992-89C2-4F88-86A1-5BEC92BC7837} = {ED9B80BF-15A0-4CA2-9B15-BF8F60EBEA1A}
		{4DC43FCA-EFC1-4DF7-8C53-BA3CC65D38AB} = {ED9B80BF-15A0-4CA2-9B15-BF8F60EBEA1A}
		{3FD84E45-029F-4646-8970-AF069FF6DBCE} = {ED9B80BF-15A0-4CA2-9B15-BF8F60EBEA1A}
		{D918D1E3-BD33-4E76-AA8A-9A601D910B7C} = {ED9B80BF-15A0-4CA2-9B15-BF8F60EBEA1A}
		{2AAF8FFA-815A-43E4-A265-22B5FB1FC00E} = {ED9B80BF-15A0-4CA2-9B15-BF8F60EBEA1A}
		{4703BCCE-9F4B-468F-8FF6-71DFC3AFFB10} = {ED9B80BF-15A0-4CA2-9B15-BF8F60EBEA1A}
		{933ED2E2-314D-4FF9-BB2A-BB75E1E718C6} = {ED9B80BF-15A0-4CA2-9B15-BF8F60EBEA1A}
		{FD565AFF-3FCE-4B94-9CE6-A077D4FE14DF} = {ED9B80BF-15A0-4CA2-9B15-BF8F60EBEA1A}
		{BE45E9B3-F024-4AA6-BC9C-840CF20A918C} = {ED9B80BF-15A0-4CA2-9B15-BF8F60EBEA1A}
		{21A263CC-7473-443A-9546-69D65DA6C56B} = {ED9B80BF-15A0-4CA2-9B15-BF8F60EBEA1A}
		{95CF028D-2C79-4E4F-888F-6842DD77DAF3} = {ED9B80BF-15A0-4CA2-9B15-BF8F60EBEA1A}
		{EB6219F5-10B8-465B-BC45-6ADF3FA3C380} = {ED9B80BF-15A0-4CA2-9B15-BF8F60EBEA1A}
		{9BF820E0-57D9-4763-9B9D-5AE3C7A46A31} = {ED9B80BF-15A0-4CA2-9B15-BF8F60EBEA1A}
		{6A565314-FD18-4C40-8B67-F07AE3C2B24A} = {ED9B80BF-15A0-4CA2-9B15-BF8F60EBEA1A}
		{AD4C5FE8-1E5D-458C-A6A5-42F21E787B87} = {ED9B80BF-15A0-4CA2-9B15-BF8F60EBEA1A}
		{85D10946-C49B-4ACE-B451-13EAE70B7F36} = {ED9B80BF-15A0-4CA2-9B15-BF8F60EBEA1A}
		{644F6B13-A713-4448-A3CA-BF1D32FB486F} = {ED9B80BF-15A0-4CA2-9B15-BF8F60EBEA1A}
		{07F9B346-22E2-4E44-827B-5CABA73E6F0F} = {ED9B80BF-15A0-4CA2-9B15-BF8F60EBEA1A}
		{F64CB798-0030-4472-9E31-9521F26B0B5A} = {ED9B80BF-15A0-4CA2-9B15-BF8F60EBEA1A}
		{D9454A3B-C3D4-4C6D-829F-6F675B925172} = {ED9B80BF-15A0-4CA2-9B15-BF8F60EBEA1A}
		{ABB71316-1643-49A3-971D-FC5A7C64A161} = {ED9B80BF-15A0-4CA2-9B15-BF8F60EBEA1A}
		{CD0BC0D3-DE7D-4EAA-92B8-478F4E432E2C} = {ED9B80BF-15A0-4CA2-9B15-BF8F60EBEA1A}
		{17AFCAE0-2772-41FA-BF2F-E67E61EF34EA} = {ED9B80BF-15A0-4CA2-9B15-BF8F60EBEA1A}
		{2E01EB8D-728D-4EFD-A287-A1F704F1282D} = {ED9B80BF-15A0-4CA2-9B15-BF8F60EBEA1A}
		{C148B95A-FA40-4AA8-9A81-1B673C4916B4} = {ED9B80BF-15A0-4CA2-9B15-BF8F60EBEA1A}
		{8DA034ED-FEAC-4FD4-B9E4-E2CAEB467B88} = {ED9B80BF-15A0-4CA2-9B15-BF8F60EBEA1A}
		{AC269BE6-253C-46B5-A029-9D2F2F2079C8} = {ED9B80BF-15A0-4CA2-9B15-BF8F60EBEA1A}
		{66F83AE0-178B-4EDB-A1A5-C6009444D444} = {ED9B80BF-15A0-4CA2-9B15-BF8F60EBEA1A}
		{A7BFA0CA-34EB-4620-AFB5-CEFA0FB3DEB9} = {ED9B80BF-15A0-4CA2-9B15-BF8F60EBEA1A}
		{BEC80C56-92BF-4942-9B6B-0E47E089C6EC} = {ED9B80BF-15A0-4CA2-9B15-BF8F60EBEA1A}
		{8779402C-1CA3-4AA9-BB55-A9D9851BEB62} = {ED9B80BF-15A0-4CA2-9B15-BF8F60EBEA1A}
		{3B3691D6-52E0-43E9-98B2-3F69058A4095} = {ED9B80BF-15A0-4CA2-9B15-BF8F60EBEA1A}
		{150BF3C9-6205-4EBC-9C00-576F4D97CBC4} = {ED9B80BF-15A0-4CA2-9B15-BF8F60EBEA1A}
		{229D634B-D0EE-4D8D-A3FD-F84054DBECA6} = {ED9B80BF-15A0-4CA2-9B15-BF8F60EBEA1A}
		{5A43ACA9-C3B9-42F3-ACC2-7F79C642C52E} = {ED9B80BF-15A0-4CA2-9B15-BF8F60EBEA1A}
		{14D8EA8E-7C5D-4581-B255-731723247857} = {ED9B80BF-15A0-4CA2-9B15-BF8F60EBEA1A}
		{CDFBBDAB-5C33-4E81-AA67-BED8C0AA8CDF} = {ED9B80BF-15A0-4CA2-9B15-BF8F60EBEA1A}
		{D8734C85-5997-4B44-A487-0EDF01031727} = {ED9B80BF-15A0-4CA2-9B15-BF8F60EBEA1A}
		{53C81A6B-F281-4917-91A4-C61D22B43F73} = {ED9B80BF-15A0-4CA2-9B15-BF8F60EBEA1A}
		{777DFD55-F97E-4993-BAB4-83200AD05283} = {ED9B80BF-15A0-4CA2-9B15-BF8F60EBEA1A}
		{4FB5DCA4-06A0-495A-B9DE-3C2603E1AD76} = {ED9B80BF-15A0-4CA2-9B15-BF8F60EBEA1A}
		{DEB45310-A4CC-4637-96F4-163197D0252B} = {ED9B80BF-15A0-4CA2-9B15-BF8F60EBEA1A}
		{E8902758-64E5-45DD-A0B3-BDB7D9DD3509} = {ED9B80BF-15A0-4CA2-9B15-BF8F60EBEA1A}
		{2E221B60-53DE-4E4E-A46C-E938A85C50AB} = {ED9B80BF-15A0-4CA2-9B15-BF8F60EBEA1A}
		{759A0846-91A9-469D-A966-D91D7A016AE7} = {ED9B80BF-15A0-4CA2-9B15-BF8F60EBEA1A}
		{E40241A3-7E61-4E18-88EC-AACC6FDC414C} = {ED9B80BF-15A0-4CA2-9B15-BF8F60EBEA1A}
		{8A431138-7B31-4171-84CF-B970928C023F} = {ED9B80BF-15A0-4CA2-9B15-BF8F60EBEA1A}
		{FBA58866-5F44-4CE8-875D-47763B532CD5} = {ED9B80BF-15A0-4CA2-9B15-BF8F60EBEA1A}
		{38AE953F-5E90-44D2-92D6-15B439CCB46C} = {ED9B80BF-15A0-4CA2-9B15-BF8F60EBEA1A}
		{84A928EA-3228-491C-8F17-FBDBD86AD67A} = {ED9B80BF-15A0-4CA2-9B15-BF8F60EBEA1A}
		{ADA3F69B-A15A-4988-B411-72EDEAC53B3A} = {ED9B80BF-15A0-4CA2-9B15-BF8F60EBEA1A}
		{319E1195-9E8F-44DE-97CB-506650E135F8} = {ED9B80BF-15A0-4CA2-9B15-BF8F60EBEA1A}
		{50DA1DE6-9C02-4208-9CF1-DC763F1D4260} = {ED9B80BF-15A0-4CA2-9B15-BF8F60EBEA1A}
		{F4AAF22F-4CAF-4D29-9379-C40635D736BF} = {ED9B80BF-15A0-4CA2-9B15-BF8F60EBEA1A}
		{AB0439B0-8AA5-449F-92A3-D87E7D244C75} = {ED9B80BF-15A0-4CA2-9B15-BF8F60EBEA1A}
		{38E7728C-2D01-46B1-91D3-AEB85ED3FB32} = {ED9B80BF-15A0-4CA2-9B15-BF8F60EBEA1A}
		{135FBC85-DD54-4960-AA35-3E70ABE5443E} = {ED9B80BF-15A0-4CA2-9B15-BF8F60EBEA1A}
		{C210BAC7-4548-4481-BE85-00AAD069CD61} = {ED9B80BF-15A0-4CA2-9B15-BF8F60EBEA1A}
		{17271749-96C4-4D2F-8D28-F4D5B71B74CD} = {ED9B80BF-15A0-4CA2-9B15-BF8F60EBEA1A}
		{5C79D8A3-8E12-45D0-A558-5FEA9CB87404} = {ED9B80BF-15A0-4CA2-9B15-BF8F60EBEA1A}
		{E0074032-AECA-4F23-9AA3-5A2469757C39} = {ED9B80BF-15A0-4CA2-9B15-BF8F60EBEA1A}
		{8BC420A5-B73D-435C-8C4E-80C06F6F01D0} = {ED9B80BF-15A0-4CA2-9B15-BF8F60EBEA1A}
		{99AB04FC-5DA5-45B8-8983-33EA57CB6D9B} = {ED9B80BF-15A0-4CA2-9B15-BF8F60EBEA1A}
		{E27216C5-87D8-401A-8E25-C2E39B1CF5A2} = {ED9B80BF-15A0-4CA2-9B15-BF8F60EBEA1A}
		{266B89BC-AB31-458E-8269-D5FCAA44232F} = {ED9B80BF-15A0-4CA2-9B15-BF8F60EBEA1A}
		{1DE10616-643D-4ED4-9059-C1B46B6DDE8D} = {ED9B80BF-15A0-4CA2-9B15-BF8F60EBEA1A}
		{2BA09E75-DFD4-450A-ACDB-3CFB5ECC4575} = {ED9B80BF-15A0-4CA2-9B15-BF8F60EBEA1A}
		{EBD00C44-E894-4799-9347-6ACF7D6BB087} = {ED9B80BF-15A0-4CA2-9B15-BF8F60EBEA1A}
		{D428E8BD-8026-4A69-917B-EC2611B4E0EB} = {ED9B80BF-15A0-4CA2-9B15-BF8F60EBEA1A}
		{216F5238-717D-475B-81DC-A6F531C20ADB} = {ED9B80BF-15A0-4CA2-9B15-BF8F60EBEA1A}
		{03D2C924-E99A-400B-8607-905937B0E2DC} = {ED9B80BF-15A0-4CA2-9B15-BF8F60EBEA1A}
		{4C1169F7-ED88-4DD6-AAFE-F1EA7E7578A2} = {ED9B80BF-15A0-4CA2-9B15-BF8F60EBEA1A}
		{826C457B-F319-4802-92F1-9BE4DF4A8AF3} = {ED9B80BF-15A0-4CA2-9B15-BF8F60EBEA1A}
		{1495C006-3155-4167-B981-697632C14EEE} = {ED9B80BF-15A0-4CA2-9B15-BF8F60EBEA1A}
	EndGlobalSection
	GlobalSection(SolutionConfigurationPlatforms) = preSolution
		Debug|Any CPU = Debug|Any CPU
		Release|Any CPU = Release|Any CPU
	EndGlobalSection
	GlobalSection(ProjectConfigurationPlatforms) = postSolution
		{BC4AB076-3847-4DFD-9A49-7F089CB4DA96}.Debug|Any CPU.ActiveCfg = Debug|Any CPU
		{BC4AB076-3847-4DFD-9A49-7F089CB4DA96}.Debug|Any CPU.Build.0 = Debug|Any CPU
		{BC4AB076-3847-4DFD-9A49-7F089CB4DA96}.Release|Any CPU.ActiveCfg = Release|Any CPU
		{BC4AB076-3847-4DFD-9A49-7F089CB4DA96}.Release|Any CPU.Build.0 = Release|Any CPU
		{6A626805-9E57-4FF0-A4FE-0B4E5B01D45F}.Debug|Any CPU.ActiveCfg = Debug|Any CPU
		{6A626805-9E57-4FF0-A4FE-0B4E5B01D45F}.Debug|Any CPU.Build.0 = Debug|Any CPU
		{6A626805-9E57-4FF0-A4FE-0B4E5B01D45F}.Release|Any CPU.ActiveCfg = Release|Any CPU
		{6A626805-9E57-4FF0-A4FE-0B4E5B01D45F}.Release|Any CPU.Build.0 = Release|Any CPU
		{1930C501-C088-48EF-AA6F-895637D1422D}.Debug|Any CPU.ActiveCfg = Debug|Any CPU
		{1930C501-C088-48EF-AA6F-895637D1422D}.Debug|Any CPU.Build.0 = Debug|Any CPU
		{1930C501-C088-48EF-AA6F-895637D1422D}.Release|Any CPU.ActiveCfg = Release|Any CPU
		{1930C501-C088-48EF-AA6F-895637D1422D}.Release|Any CPU.Build.0 = Release|Any CPU
		{B44826EA-7529-434D-A8CD-296EC312FE6E}.Debug|Any CPU.ActiveCfg = Debug|Any CPU
		{B44826EA-7529-434D-A8CD-296EC312FE6E}.Debug|Any CPU.Build.0 = Debug|Any CPU
		{B44826EA-7529-434D-A8CD-296EC312FE6E}.Release|Any CPU.ActiveCfg = Release|Any CPU
		{B44826EA-7529-434D-A8CD-296EC312FE6E}.Release|Any CPU.Build.0 = Release|Any CPU
		{537CE876-2767-4817-A935-C32A3DF982DE}.Debug|Any CPU.ActiveCfg = Debug|Any CPU
		{537CE876-2767-4817-A935-C32A3DF982DE}.Debug|Any CPU.Build.0 = Debug|Any CPU
		{537CE876-2767-4817-A935-C32A3DF982DE}.Release|Any CPU.ActiveCfg = Release|Any CPU
		{537CE876-2767-4817-A935-C32A3DF982DE}.Release|Any CPU.Build.0 = Release|Any CPU
		{6B663EC7-132B-415A-BE15-81FB29696161}.Debug|Any CPU.ActiveCfg = Debug|Any CPU
		{6B663EC7-132B-415A-BE15-81FB29696161}.Debug|Any CPU.Build.0 = Debug|Any CPU
		{6B663EC7-132B-415A-BE15-81FB29696161}.Release|Any CPU.ActiveCfg = Release|Any CPU
		{6B663EC7-132B-415A-BE15-81FB29696161}.Release|Any CPU.Build.0 = Release|Any CPU
		{F4C83903-B4DF-4697-8EB6-E60029D97625}.Debug|Any CPU.ActiveCfg = Debug|Any CPU
		{F4C83903-B4DF-4697-8EB6-E60029D97625}.Debug|Any CPU.Build.0 = Debug|Any CPU
		{F4C83903-B4DF-4697-8EB6-E60029D97625}.Release|Any CPU.ActiveCfg = Release|Any CPU
		{F4C83903-B4DF-4697-8EB6-E60029D97625}.Release|Any CPU.Build.0 = Release|Any CPU
		{1473422D-993B-4AC0-A3E5-0D23AF4DE2BA}.Debug|Any CPU.ActiveCfg = Debug|Any CPU
		{1473422D-993B-4AC0-A3E5-0D23AF4DE2BA}.Debug|Any CPU.Build.0 = Debug|Any CPU
		{1473422D-993B-4AC0-A3E5-0D23AF4DE2BA}.Release|Any CPU.ActiveCfg = Release|Any CPU
		{1473422D-993B-4AC0-A3E5-0D23AF4DE2BA}.Release|Any CPU.Build.0 = Release|Any CPU
		{67299F75-0BFB-4D30-A082-A8A122EBF93F}.Debug|Any CPU.ActiveCfg = Debug|Any CPU
		{67299F75-0BFB-4D30-A082-A8A122EBF93F}.Debug|Any CPU.Build.0 = Debug|Any CPU
		{67299F75-0BFB-4D30-A082-A8A122EBF93F}.Release|Any CPU.ActiveCfg = Release|Any CPU
		{67299F75-0BFB-4D30-A082-A8A122EBF93F}.Release|Any CPU.Build.0 = Release|Any CPU
		{AC3A16B3-D2BD-44D6-B997-D7A6C61B4A4D}.Debug|Any CPU.ActiveCfg = Debug|Any CPU
		{AC3A16B3-D2BD-44D6-B997-D7A6C61B4A4D}.Debug|Any CPU.Build.0 = Debug|Any CPU
		{AC3A16B3-D2BD-44D6-B997-D7A6C61B4A4D}.Release|Any CPU.ActiveCfg = Release|Any CPU
		{AC3A16B3-D2BD-44D6-B997-D7A6C61B4A4D}.Release|Any CPU.Build.0 = Release|Any CPU
		{1625A992-89C2-4F88-86A1-5BEC92BC7837}.Debug|Any CPU.ActiveCfg = Debug|Any CPU
		{1625A992-89C2-4F88-86A1-5BEC92BC7837}.Debug|Any CPU.Build.0 = Debug|Any CPU
		{1625A992-89C2-4F88-86A1-5BEC92BC7837}.Release|Any CPU.ActiveCfg = Release|Any CPU
		{1625A992-89C2-4F88-86A1-5BEC92BC7837}.Release|Any CPU.Build.0 = Release|Any CPU
		{4DC43FCA-EFC1-4DF7-8C53-BA3CC65D38AB}.Debug|Any CPU.ActiveCfg = Debug|Any CPU
		{4DC43FCA-EFC1-4DF7-8C53-BA3CC65D38AB}.Debug|Any CPU.Build.0 = Debug|Any CPU
		{4DC43FCA-EFC1-4DF7-8C53-BA3CC65D38AB}.Release|Any CPU.ActiveCfg = Release|Any CPU
		{4DC43FCA-EFC1-4DF7-8C53-BA3CC65D38AB}.Release|Any CPU.Build.0 = Release|Any CPU
		{3FD84E45-029F-4646-8970-AF069FF6DBCE}.Debug|Any CPU.ActiveCfg = Debug|Any CPU
		{3FD84E45-029F-4646-8970-AF069FF6DBCE}.Debug|Any CPU.Build.0 = Debug|Any CPU
		{3FD84E45-029F-4646-8970-AF069FF6DBCE}.Release|Any CPU.ActiveCfg = Release|Any CPU
		{3FD84E45-029F-4646-8970-AF069FF6DBCE}.Release|Any CPU.Build.0 = Release|Any CPU
		{D918D1E3-BD33-4E76-AA8A-9A601D910B7C}.Debug|Any CPU.ActiveCfg = Debug|Any CPU
		{D918D1E3-BD33-4E76-AA8A-9A601D910B7C}.Debug|Any CPU.Build.0 = Debug|Any CPU
		{D918D1E3-BD33-4E76-AA8A-9A601D910B7C}.Release|Any CPU.ActiveCfg = Release|Any CPU
		{D918D1E3-BD33-4E76-AA8A-9A601D910B7C}.Release|Any CPU.Build.0 = Release|Any CPU
		{2AAF8FFA-815A-43E4-A265-22B5FB1FC00E}.Debug|Any CPU.ActiveCfg = Debug|Any CPU
		{2AAF8FFA-815A-43E4-A265-22B5FB1FC00E}.Debug|Any CPU.Build.0 = Debug|Any CPU
		{2AAF8FFA-815A-43E4-A265-22B5FB1FC00E}.Release|Any CPU.ActiveCfg = Release|Any CPU
		{2AAF8FFA-815A-43E4-A265-22B5FB1FC00E}.Release|Any CPU.Build.0 = Release|Any CPU
		{4703BCCE-9F4B-468F-8FF6-71DFC3AFFB10}.Debug|Any CPU.ActiveCfg = Debug|Any CPU
		{4703BCCE-9F4B-468F-8FF6-71DFC3AFFB10}.Debug|Any CPU.Build.0 = Debug|Any CPU
		{4703BCCE-9F4B-468F-8FF6-71DFC3AFFB10}.Release|Any CPU.ActiveCfg = Release|Any CPU
		{4703BCCE-9F4B-468F-8FF6-71DFC3AFFB10}.Release|Any CPU.Build.0 = Release|Any CPU
		{933ED2E2-314D-4FF9-BB2A-BB75E1E718C6}.Debug|Any CPU.ActiveCfg = Debug|Any CPU
		{933ED2E2-314D-4FF9-BB2A-BB75E1E718C6}.Debug|Any CPU.Build.0 = Debug|Any CPU
		{933ED2E2-314D-4FF9-BB2A-BB75E1E718C6}.Release|Any CPU.ActiveCfg = Release|Any CPU
		{933ED2E2-314D-4FF9-BB2A-BB75E1E718C6}.Release|Any CPU.Build.0 = Release|Any CPU
		{FD565AFF-3FCE-4B94-9CE6-A077D4FE14DF}.Debug|Any CPU.ActiveCfg = Debug|Any CPU
		{FD565AFF-3FCE-4B94-9CE6-A077D4FE14DF}.Debug|Any CPU.Build.0 = Debug|Any CPU
		{FD565AFF-3FCE-4B94-9CE6-A077D4FE14DF}.Release|Any CPU.ActiveCfg = Release|Any CPU
		{FD565AFF-3FCE-4B94-9CE6-A077D4FE14DF}.Release|Any CPU.Build.0 = Release|Any CPU
		{BE45E9B3-F024-4AA6-BC9C-840CF20A918C}.Debug|Any CPU.ActiveCfg = Debug|Any CPU
		{BE45E9B3-F024-4AA6-BC9C-840CF20A918C}.Debug|Any CPU.Build.0 = Debug|Any CPU
		{BE45E9B3-F024-4AA6-BC9C-840CF20A918C}.Release|Any CPU.ActiveCfg = Release|Any CPU
		{BE45E9B3-F024-4AA6-BC9C-840CF20A918C}.Release|Any CPU.Build.0 = Release|Any CPU
		{21A263CC-7473-443A-9546-69D65DA6C56B}.Debug|Any CPU.ActiveCfg = Debug|Any CPU
		{21A263CC-7473-443A-9546-69D65DA6C56B}.Debug|Any CPU.Build.0 = Debug|Any CPU
		{21A263CC-7473-443A-9546-69D65DA6C56B}.Release|Any CPU.ActiveCfg = Release|Any CPU
		{21A263CC-7473-443A-9546-69D65DA6C56B}.Release|Any CPU.Build.0 = Release|Any CPU
		{95CF028D-2C79-4E4F-888F-6842DD77DAF3}.Debug|Any CPU.ActiveCfg = Debug|Any CPU
		{95CF028D-2C79-4E4F-888F-6842DD77DAF3}.Debug|Any CPU.Build.0 = Debug|Any CPU
		{95CF028D-2C79-4E4F-888F-6842DD77DAF3}.Release|Any CPU.ActiveCfg = Release|Any CPU
		{95CF028D-2C79-4E4F-888F-6842DD77DAF3}.Release|Any CPU.Build.0 = Release|Any CPU
		{EB6219F5-10B8-465B-BC45-6ADF3FA3C380}.Debug|Any CPU.ActiveCfg = Debug|Any CPU
		{EB6219F5-10B8-465B-BC45-6ADF3FA3C380}.Debug|Any CPU.Build.0 = Debug|Any CPU
		{EB6219F5-10B8-465B-BC45-6ADF3FA3C380}.Release|Any CPU.ActiveCfg = Release|Any CPU
		{EB6219F5-10B8-465B-BC45-6ADF3FA3C380}.Release|Any CPU.Build.0 = Release|Any CPU
		{9BF820E0-57D9-4763-9B9D-5AE3C7A46A31}.Debug|Any CPU.ActiveCfg = Debug|Any CPU
		{9BF820E0-57D9-4763-9B9D-5AE3C7A46A31}.Debug|Any CPU.Build.0 = Debug|Any CPU
		{9BF820E0-57D9-4763-9B9D-5AE3C7A46A31}.Release|Any CPU.ActiveCfg = Release|Any CPU
		{9BF820E0-57D9-4763-9B9D-5AE3C7A46A31}.Release|Any CPU.Build.0 = Release|Any CPU
		{6A565314-FD18-4C40-8B67-F07AE3C2B24A}.Debug|Any CPU.ActiveCfg = Debug|Any CPU
		{6A565314-FD18-4C40-8B67-F07AE3C2B24A}.Debug|Any CPU.Build.0 = Debug|Any CPU
		{6A565314-FD18-4C40-8B67-F07AE3C2B24A}.Release|Any CPU.ActiveCfg = Release|Any CPU
		{6A565314-FD18-4C40-8B67-F07AE3C2B24A}.Release|Any CPU.Build.0 = Release|Any CPU
		{AD4C5FE8-1E5D-458C-A6A5-42F21E787B87}.Debug|Any CPU.ActiveCfg = Debug|Any CPU
		{AD4C5FE8-1E5D-458C-A6A5-42F21E787B87}.Debug|Any CPU.Build.0 = Debug|Any CPU
		{AD4C5FE8-1E5D-458C-A6A5-42F21E787B87}.Release|Any CPU.ActiveCfg = Release|Any CPU
		{AD4C5FE8-1E5D-458C-A6A5-42F21E787B87}.Release|Any CPU.Build.0 = Release|Any CPU
		{85D10946-C49B-4ACE-B451-13EAE70B7F36}.Debug|Any CPU.ActiveCfg = Debug|Any CPU
		{85D10946-C49B-4ACE-B451-13EAE70B7F36}.Debug|Any CPU.Build.0 = Debug|Any CPU
		{85D10946-C49B-4ACE-B451-13EAE70B7F36}.Release|Any CPU.ActiveCfg = Release|Any CPU
		{85D10946-C49B-4ACE-B451-13EAE70B7F36}.Release|Any CPU.Build.0 = Release|Any CPU
		{644F6B13-A713-4448-A3CA-BF1D32FB486F}.Debug|Any CPU.ActiveCfg = Debug|Any CPU
		{644F6B13-A713-4448-A3CA-BF1D32FB486F}.Debug|Any CPU.Build.0 = Debug|Any CPU
		{644F6B13-A713-4448-A3CA-BF1D32FB486F}.Release|Any CPU.ActiveCfg = Release|Any CPU
		{644F6B13-A713-4448-A3CA-BF1D32FB486F}.Release|Any CPU.Build.0 = Release|Any CPU
		{07F9B346-22E2-4E44-827B-5CABA73E6F0F}.Debug|Any CPU.ActiveCfg = Debug|Any CPU
		{07F9B346-22E2-4E44-827B-5CABA73E6F0F}.Debug|Any CPU.Build.0 = Debug|Any CPU
		{07F9B346-22E2-4E44-827B-5CABA73E6F0F}.Release|Any CPU.ActiveCfg = Release|Any CPU
		{07F9B346-22E2-4E44-827B-5CABA73E6F0F}.Release|Any CPU.Build.0 = Release|Any CPU
		{F64CB798-0030-4472-9E31-9521F26B0B5A}.Debug|Any CPU.ActiveCfg = Debug|Any CPU
		{F64CB798-0030-4472-9E31-9521F26B0B5A}.Debug|Any CPU.Build.0 = Debug|Any CPU
		{F64CB798-0030-4472-9E31-9521F26B0B5A}.Release|Any CPU.ActiveCfg = Release|Any CPU
		{F64CB798-0030-4472-9E31-9521F26B0B5A}.Release|Any CPU.Build.0 = Release|Any CPU
		{D9454A3B-C3D4-4C6D-829F-6F675B925172}.Debug|Any CPU.ActiveCfg = Debug|Any CPU
		{D9454A3B-C3D4-4C6D-829F-6F675B925172}.Debug|Any CPU.Build.0 = Debug|Any CPU
		{D9454A3B-C3D4-4C6D-829F-6F675B925172}.Release|Any CPU.ActiveCfg = Release|Any CPU
		{D9454A3B-C3D4-4C6D-829F-6F675B925172}.Release|Any CPU.Build.0 = Release|Any CPU
		{ABB71316-1643-49A3-971D-FC5A7C64A161}.Debug|Any CPU.ActiveCfg = Debug|Any CPU
		{ABB71316-1643-49A3-971D-FC5A7C64A161}.Debug|Any CPU.Build.0 = Debug|Any CPU
		{ABB71316-1643-49A3-971D-FC5A7C64A161}.Release|Any CPU.ActiveCfg = Release|Any CPU
		{ABB71316-1643-49A3-971D-FC5A7C64A161}.Release|Any CPU.Build.0 = Release|Any CPU
		{CD0BC0D3-DE7D-4EAA-92B8-478F4E432E2C}.Debug|Any CPU.ActiveCfg = Debug|Any CPU
		{CD0BC0D3-DE7D-4EAA-92B8-478F4E432E2C}.Debug|Any CPU.Build.0 = Debug|Any CPU
		{CD0BC0D3-DE7D-4EAA-92B8-478F4E432E2C}.Release|Any CPU.ActiveCfg = Release|Any CPU
		{CD0BC0D3-DE7D-4EAA-92B8-478F4E432E2C}.Release|Any CPU.Build.0 = Release|Any CPU
		{17AFCAE0-2772-41FA-BF2F-E67E61EF34EA}.Debug|Any CPU.ActiveCfg = Debug|Any CPU
		{17AFCAE0-2772-41FA-BF2F-E67E61EF34EA}.Debug|Any CPU.Build.0 = Debug|Any CPU
		{17AFCAE0-2772-41FA-BF2F-E67E61EF34EA}.Release|Any CPU.ActiveCfg = Release|Any CPU
		{17AFCAE0-2772-41FA-BF2F-E67E61EF34EA}.Release|Any CPU.Build.0 = Release|Any CPU
		{2E01EB8D-728D-4EFD-A287-A1F704F1282D}.Debug|Any CPU.ActiveCfg = Debug|Any CPU
		{2E01EB8D-728D-4EFD-A287-A1F704F1282D}.Debug|Any CPU.Build.0 = Debug|Any CPU
		{2E01EB8D-728D-4EFD-A287-A1F704F1282D}.Release|Any CPU.ActiveCfg = Release|Any CPU
		{2E01EB8D-728D-4EFD-A287-A1F704F1282D}.Release|Any CPU.Build.0 = Release|Any CPU
		{C148B95A-FA40-4AA8-9A81-1B673C4916B4}.Debug|Any CPU.ActiveCfg = Debug|Any CPU
		{C148B95A-FA40-4AA8-9A81-1B673C4916B4}.Debug|Any CPU.Build.0 = Debug|Any CPU
		{C148B95A-FA40-4AA8-9A81-1B673C4916B4}.Release|Any CPU.ActiveCfg = Release|Any CPU
		{C148B95A-FA40-4AA8-9A81-1B673C4916B4}.Release|Any CPU.Build.0 = Release|Any CPU
		{8DA034ED-FEAC-4FD4-B9E4-E2CAEB467B88}.Debug|Any CPU.ActiveCfg = Debug|Any CPU
		{8DA034ED-FEAC-4FD4-B9E4-E2CAEB467B88}.Debug|Any CPU.Build.0 = Debug|Any CPU
		{8DA034ED-FEAC-4FD4-B9E4-E2CAEB467B88}.Release|Any CPU.ActiveCfg = Release|Any CPU
		{8DA034ED-FEAC-4FD4-B9E4-E2CAEB467B88}.Release|Any CPU.Build.0 = Release|Any CPU
		{AC269BE6-253C-46B5-A029-9D2F2F2079C8}.Debug|Any CPU.ActiveCfg = Debug|Any CPU
		{AC269BE6-253C-46B5-A029-9D2F2F2079C8}.Debug|Any CPU.Build.0 = Debug|Any CPU
		{AC269BE6-253C-46B5-A029-9D2F2F2079C8}.Release|Any CPU.ActiveCfg = Release|Any CPU
		{AC269BE6-253C-46B5-A029-9D2F2F2079C8}.Release|Any CPU.Build.0 = Release|Any CPU
		{66F83AE0-178B-4EDB-A1A5-C6009444D444}.Debug|Any CPU.ActiveCfg = Debug|Any CPU
		{66F83AE0-178B-4EDB-A1A5-C6009444D444}.Debug|Any CPU.Build.0 = Debug|Any CPU
		{66F83AE0-178B-4EDB-A1A5-C6009444D444}.Release|Any CPU.ActiveCfg = Release|Any CPU
		{66F83AE0-178B-4EDB-A1A5-C6009444D444}.Release|Any CPU.Build.0 = Release|Any CPU
		{A7BFA0CA-34EB-4620-AFB5-CEFA0FB3DEB9}.Debug|Any CPU.ActiveCfg = Debug|Any CPU
		{A7BFA0CA-34EB-4620-AFB5-CEFA0FB3DEB9}.Debug|Any CPU.Build.0 = Debug|Any CPU
		{A7BFA0CA-34EB-4620-AFB5-CEFA0FB3DEB9}.Release|Any CPU.ActiveCfg = Release|Any CPU
		{A7BFA0CA-34EB-4620-AFB5-CEFA0FB3DEB9}.Release|Any CPU.Build.0 = Release|Any CPU
		{BEC80C56-92BF-4942-9B6B-0E47E089C6EC}.Debug|Any CPU.ActiveCfg = Debug|Any CPU
		{BEC80C56-92BF-4942-9B6B-0E47E089C6EC}.Debug|Any CPU.Build.0 = Debug|Any CPU
		{BEC80C56-92BF-4942-9B6B-0E47E089C6EC}.Release|Any CPU.ActiveCfg = Release|Any CPU
		{BEC80C56-92BF-4942-9B6B-0E47E089C6EC}.Release|Any CPU.Build.0 = Release|Any CPU
		{8779402C-1CA3-4AA9-BB55-A9D9851BEB62}.Debug|Any CPU.ActiveCfg = Debug|Any CPU
		{8779402C-1CA3-4AA9-BB55-A9D9851BEB62}.Debug|Any CPU.Build.0 = Debug|Any CPU
		{8779402C-1CA3-4AA9-BB55-A9D9851BEB62}.Release|Any CPU.ActiveCfg = Release|Any CPU
		{8779402C-1CA3-4AA9-BB55-A9D9851BEB62}.Release|Any CPU.Build.0 = Release|Any CPU
		{3B3691D6-52E0-43E9-98B2-3F69058A4095}.Debug|Any CPU.ActiveCfg = Debug|Any CPU
		{3B3691D6-52E0-43E9-98B2-3F69058A4095}.Debug|Any CPU.Build.0 = Debug|Any CPU
		{3B3691D6-52E0-43E9-98B2-3F69058A4095}.Release|Any CPU.ActiveCfg = Release|Any CPU
		{3B3691D6-52E0-43E9-98B2-3F69058A4095}.Release|Any CPU.Build.0 = Release|Any CPU
		{150BF3C9-6205-4EBC-9C00-576F4D97CBC4}.Debug|Any CPU.ActiveCfg = Debug|Any CPU
		{150BF3C9-6205-4EBC-9C00-576F4D97CBC4}.Debug|Any CPU.Build.0 = Debug|Any CPU
		{150BF3C9-6205-4EBC-9C00-576F4D97CBC4}.Release|Any CPU.ActiveCfg = Release|Any CPU
		{150BF3C9-6205-4EBC-9C00-576F4D97CBC4}.Release|Any CPU.Build.0 = Release|Any CPU
		{229D634B-D0EE-4D8D-A3FD-F84054DBECA6}.Debug|Any CPU.ActiveCfg = Debug|Any CPU
		{229D634B-D0EE-4D8D-A3FD-F84054DBECA6}.Debug|Any CPU.Build.0 = Debug|Any CPU
		{229D634B-D0EE-4D8D-A3FD-F84054DBECA6}.Release|Any CPU.ActiveCfg = Release|Any CPU
		{229D634B-D0EE-4D8D-A3FD-F84054DBECA6}.Release|Any CPU.Build.0 = Release|Any CPU
		{5A43ACA9-C3B9-42F3-ACC2-7F79C642C52E}.Debug|Any CPU.ActiveCfg = Debug|Any CPU
		{5A43ACA9-C3B9-42F3-ACC2-7F79C642C52E}.Debug|Any CPU.Build.0 = Debug|Any CPU
		{5A43ACA9-C3B9-42F3-ACC2-7F79C642C52E}.Release|Any CPU.ActiveCfg = Release|Any CPU
		{5A43ACA9-C3B9-42F3-ACC2-7F79C642C52E}.Release|Any CPU.Build.0 = Release|Any CPU
		{52B1DC8A-DDE1-46CD-8E19-B99D7249497E}.Debug|Any CPU.ActiveCfg = Debug|Any CPU
		{52B1DC8A-DDE1-46CD-8E19-B99D7249497E}.Debug|Any CPU.Build.0 = Debug|Any CPU
		{52B1DC8A-DDE1-46CD-8E19-B99D7249497E}.Release|Any CPU.ActiveCfg = Release|Any CPU
		{52B1DC8A-DDE1-46CD-8E19-B99D7249497E}.Release|Any CPU.Build.0 = Release|Any CPU
		{14D8EA8E-7C5D-4581-B255-731723247857}.Debug|Any CPU.ActiveCfg = Debug|Any CPU
		{14D8EA8E-7C5D-4581-B255-731723247857}.Debug|Any CPU.Build.0 = Debug|Any CPU
		{14D8EA8E-7C5D-4581-B255-731723247857}.Release|Any CPU.ActiveCfg = Release|Any CPU
		{14D8EA8E-7C5D-4581-B255-731723247857}.Release|Any CPU.Build.0 = Release|Any CPU
		{CDFBBDAB-5C33-4E81-AA67-BED8C0AA8CDF}.Debug|Any CPU.ActiveCfg = Debug|Any CPU
		{CDFBBDAB-5C33-4E81-AA67-BED8C0AA8CDF}.Debug|Any CPU.Build.0 = Debug|Any CPU
		{CDFBBDAB-5C33-4E81-AA67-BED8C0AA8CDF}.Release|Any CPU.ActiveCfg = Release|Any CPU
		{CDFBBDAB-5C33-4E81-AA67-BED8C0AA8CDF}.Release|Any CPU.Build.0 = Release|Any CPU
		{D8734C85-5997-4B44-A487-0EDF01031727}.Debug|Any CPU.ActiveCfg = Debug|Any CPU
		{D8734C85-5997-4B44-A487-0EDF01031727}.Debug|Any CPU.Build.0 = Debug|Any CPU
		{D8734C85-5997-4B44-A487-0EDF01031727}.Release|Any CPU.ActiveCfg = Release|Any CPU
		{D8734C85-5997-4B44-A487-0EDF01031727}.Release|Any CPU.Build.0 = Release|Any CPU
		{53C81A6B-F281-4917-91A4-C61D22B43F73}.Debug|Any CPU.ActiveCfg = Debug|Any CPU
		{53C81A6B-F281-4917-91A4-C61D22B43F73}.Debug|Any CPU.Build.0 = Debug|Any CPU
		{53C81A6B-F281-4917-91A4-C61D22B43F73}.Release|Any CPU.ActiveCfg = Release|Any CPU
		{53C81A6B-F281-4917-91A4-C61D22B43F73}.Release|Any CPU.Build.0 = Release|Any CPU
		{777DFD55-F97E-4993-BAB4-83200AD05283}.Debug|Any CPU.ActiveCfg = Debug|Any CPU
		{777DFD55-F97E-4993-BAB4-83200AD05283}.Debug|Any CPU.Build.0 = Debug|Any CPU
		{777DFD55-F97E-4993-BAB4-83200AD05283}.Release|Any CPU.ActiveCfg = Release|Any CPU
		{777DFD55-F97E-4993-BAB4-83200AD05283}.Release|Any CPU.Build.0 = Release|Any CPU
		{4FB5DCA4-06A0-495A-B9DE-3C2603E1AD76}.Debug|Any CPU.ActiveCfg = Debug|Any CPU
		{4FB5DCA4-06A0-495A-B9DE-3C2603E1AD76}.Debug|Any CPU.Build.0 = Debug|Any CPU
		{4FB5DCA4-06A0-495A-B9DE-3C2603E1AD76}.Release|Any CPU.ActiveCfg = Release|Any CPU
		{4FB5DCA4-06A0-495A-B9DE-3C2603E1AD76}.Release|Any CPU.Build.0 = Release|Any CPU
		{DEB45310-A4CC-4637-96F4-163197D0252B}.Debug|Any CPU.ActiveCfg = Debug|Any CPU
		{DEB45310-A4CC-4637-96F4-163197D0252B}.Debug|Any CPU.Build.0 = Debug|Any CPU
		{DEB45310-A4CC-4637-96F4-163197D0252B}.Release|Any CPU.ActiveCfg = Release|Any CPU
		{DEB45310-A4CC-4637-96F4-163197D0252B}.Release|Any CPU.Build.0 = Release|Any CPU
		{E8902758-64E5-45DD-A0B3-BDB7D9DD3509}.Debug|Any CPU.ActiveCfg = Debug|Any CPU
		{E8902758-64E5-45DD-A0B3-BDB7D9DD3509}.Debug|Any CPU.Build.0 = Debug|Any CPU
		{E8902758-64E5-45DD-A0B3-BDB7D9DD3509}.Release|Any CPU.ActiveCfg = Release|Any CPU
		{E8902758-64E5-45DD-A0B3-BDB7D9DD3509}.Release|Any CPU.Build.0 = Release|Any CPU
		{2E221B60-53DE-4E4E-A46C-E938A85C50AB}.Debug|Any CPU.ActiveCfg = Debug|Any CPU
		{2E221B60-53DE-4E4E-A46C-E938A85C50AB}.Debug|Any CPU.Build.0 = Debug|Any CPU
		{2E221B60-53DE-4E4E-A46C-E938A85C50AB}.Release|Any CPU.ActiveCfg = Release|Any CPU
		{2E221B60-53DE-4E4E-A46C-E938A85C50AB}.Release|Any CPU.Build.0 = Release|Any CPU
		{759A0846-91A9-469D-A966-D91D7A016AE7}.Debug|Any CPU.ActiveCfg = Debug|Any CPU
		{759A0846-91A9-469D-A966-D91D7A016AE7}.Debug|Any CPU.Build.0 = Debug|Any CPU
		{759A0846-91A9-469D-A966-D91D7A016AE7}.Release|Any CPU.ActiveCfg = Release|Any CPU
		{759A0846-91A9-469D-A966-D91D7A016AE7}.Release|Any CPU.Build.0 = Release|Any CPU
		{E40241A3-7E61-4E18-88EC-AACC6FDC414C}.Debug|Any CPU.ActiveCfg = Debug|Any CPU
		{E40241A3-7E61-4E18-88EC-AACC6FDC414C}.Debug|Any CPU.Build.0 = Debug|Any CPU
		{E40241A3-7E61-4E18-88EC-AACC6FDC414C}.Release|Any CPU.ActiveCfg = Release|Any CPU
		{E40241A3-7E61-4E18-88EC-AACC6FDC414C}.Release|Any CPU.Build.0 = Release|Any CPU
		{8A431138-7B31-4171-84CF-B970928C023F}.Debug|Any CPU.ActiveCfg = Debug|Any CPU
		{8A431138-7B31-4171-84CF-B970928C023F}.Debug|Any CPU.Build.0 = Debug|Any CPU
		{8A431138-7B31-4171-84CF-B970928C023F}.Release|Any CPU.ActiveCfg = Release|Any CPU
		{8A431138-7B31-4171-84CF-B970928C023F}.Release|Any CPU.Build.0 = Release|Any CPU
		{FBA58866-5F44-4CE8-875D-47763B532CD5}.Debug|Any CPU.ActiveCfg = Debug|Any CPU
		{FBA58866-5F44-4CE8-875D-47763B532CD5}.Debug|Any CPU.Build.0 = Debug|Any CPU
		{FBA58866-5F44-4CE8-875D-47763B532CD5}.Release|Any CPU.ActiveCfg = Release|Any CPU
		{FBA58866-5F44-4CE8-875D-47763B532CD5}.Release|Any CPU.Build.0 = Release|Any CPU
		{38AE953F-5E90-44D2-92D6-15B439CCB46C}.Debug|Any CPU.ActiveCfg = Debug|Any CPU
		{38AE953F-5E90-44D2-92D6-15B439CCB46C}.Debug|Any CPU.Build.0 = Debug|Any CPU
		{38AE953F-5E90-44D2-92D6-15B439CCB46C}.Release|Any CPU.ActiveCfg = Release|Any CPU
		{38AE953F-5E90-44D2-92D6-15B439CCB46C}.Release|Any CPU.Build.0 = Release|Any CPU
		{84A928EA-3228-491C-8F17-FBDBD86AD67A}.Debug|Any CPU.ActiveCfg = Debug|Any CPU
		{84A928EA-3228-491C-8F17-FBDBD86AD67A}.Debug|Any CPU.Build.0 = Debug|Any CPU
		{84A928EA-3228-491C-8F17-FBDBD86AD67A}.Release|Any CPU.ActiveCfg = Release|Any CPU
		{84A928EA-3228-491C-8F17-FBDBD86AD67A}.Release|Any CPU.Build.0 = Release|Any CPU
		{ADA3F69B-A15A-4988-B411-72EDEAC53B3A}.Debug|Any CPU.ActiveCfg = Debug|Any CPU
		{ADA3F69B-A15A-4988-B411-72EDEAC53B3A}.Debug|Any CPU.Build.0 = Debug|Any CPU
		{ADA3F69B-A15A-4988-B411-72EDEAC53B3A}.Release|Any CPU.ActiveCfg = Release|Any CPU
		{ADA3F69B-A15A-4988-B411-72EDEAC53B3A}.Release|Any CPU.Build.0 = Release|Any CPU
		{319E1195-9E8F-44DE-97CB-506650E135F8}.Debug|Any CPU.ActiveCfg = Debug|Any CPU
		{319E1195-9E8F-44DE-97CB-506650E135F8}.Debug|Any CPU.Build.0 = Debug|Any CPU
		{319E1195-9E8F-44DE-97CB-506650E135F8}.Release|Any CPU.ActiveCfg = Release|Any CPU
		{319E1195-9E8F-44DE-97CB-506650E135F8}.Release|Any CPU.Build.0 = Release|Any CPU
		{50DA1DE6-9C02-4208-9CF1-DC763F1D4260}.Debug|Any CPU.ActiveCfg = Debug|Any CPU
		{50DA1DE6-9C02-4208-9CF1-DC763F1D4260}.Debug|Any CPU.Build.0 = Debug|Any CPU
		{50DA1DE6-9C02-4208-9CF1-DC763F1D4260}.Release|Any CPU.ActiveCfg = Release|Any CPU
		{50DA1DE6-9C02-4208-9CF1-DC763F1D4260}.Release|Any CPU.Build.0 = Release|Any CPU
		{F4AAF22F-4CAF-4D29-9379-C40635D736BF}.Debug|Any CPU.ActiveCfg = Debug|Any CPU
		{F4AAF22F-4CAF-4D29-9379-C40635D736BF}.Debug|Any CPU.Build.0 = Debug|Any CPU
		{F4AAF22F-4CAF-4D29-9379-C40635D736BF}.Release|Any CPU.ActiveCfg = Release|Any CPU
		{F4AAF22F-4CAF-4D29-9379-C40635D736BF}.Release|Any CPU.Build.0 = Release|Any CPU
		{AB0439B0-8AA5-449F-92A3-D87E7D244C75}.Debug|Any CPU.ActiveCfg = Debug|Any CPU
		{AB0439B0-8AA5-449F-92A3-D87E7D244C75}.Debug|Any CPU.Build.0 = Debug|Any CPU
		{AB0439B0-8AA5-449F-92A3-D87E7D244C75}.Release|Any CPU.ActiveCfg = Release|Any CPU
		{AB0439B0-8AA5-449F-92A3-D87E7D244C75}.Release|Any CPU.Build.0 = Release|Any CPU
		{38E7728C-2D01-46B1-91D3-AEB85ED3FB32}.Debug|Any CPU.ActiveCfg = Debug|Any CPU
		{38E7728C-2D01-46B1-91D3-AEB85ED3FB32}.Debug|Any CPU.Build.0 = Debug|Any CPU
		{38E7728C-2D01-46B1-91D3-AEB85ED3FB32}.Release|Any CPU.ActiveCfg = Release|Any CPU
		{38E7728C-2D01-46B1-91D3-AEB85ED3FB32}.Release|Any CPU.Build.0 = Release|Any CPU
		{135FBC85-DD54-4960-AA35-3E70ABE5443E}.Debug|Any CPU.ActiveCfg = Debug|Any CPU
		{135FBC85-DD54-4960-AA35-3E70ABE5443E}.Debug|Any CPU.Build.0 = Debug|Any CPU
		{135FBC85-DD54-4960-AA35-3E70ABE5443E}.Release|Any CPU.ActiveCfg = Release|Any CPU
		{135FBC85-DD54-4960-AA35-3E70ABE5443E}.Release|Any CPU.Build.0 = Release|Any CPU
		{C210BAC7-4548-4481-BE85-00AAD069CD61}.Debug|Any CPU.ActiveCfg = Debug|Any CPU
		{C210BAC7-4548-4481-BE85-00AAD069CD61}.Debug|Any CPU.Build.0 = Debug|Any CPU
		{C210BAC7-4548-4481-BE85-00AAD069CD61}.Release|Any CPU.ActiveCfg = Release|Any CPU
		{C210BAC7-4548-4481-BE85-00AAD069CD61}.Release|Any CPU.Build.0 = Release|Any CPU
		{17271749-96C4-4D2F-8D28-F4D5B71B74CD}.Debug|Any CPU.ActiveCfg = Debug|Any CPU
		{17271749-96C4-4D2F-8D28-F4D5B71B74CD}.Debug|Any CPU.Build.0 = Debug|Any CPU
		{17271749-96C4-4D2F-8D28-F4D5B71B74CD}.Release|Any CPU.ActiveCfg = Release|Any CPU
		{17271749-96C4-4D2F-8D28-F4D5B71B74CD}.Release|Any CPU.Build.0 = Release|Any CPU
		{5C79D8A3-8E12-45D0-A558-5FEA9CB87404}.Debug|Any CPU.ActiveCfg = Debug|Any CPU
		{5C79D8A3-8E12-45D0-A558-5FEA9CB87404}.Debug|Any CPU.Build.0 = Debug|Any CPU
		{5C79D8A3-8E12-45D0-A558-5FEA9CB87404}.Release|Any CPU.ActiveCfg = Release|Any CPU
		{5C79D8A3-8E12-45D0-A558-5FEA9CB87404}.Release|Any CPU.Build.0 = Release|Any CPU
		{E0074032-AECA-4F23-9AA3-5A2469757C39}.Debug|Any CPU.ActiveCfg = Debug|Any CPU
		{E0074032-AECA-4F23-9AA3-5A2469757C39}.Debug|Any CPU.Build.0 = Debug|Any CPU
		{E0074032-AECA-4F23-9AA3-5A2469757C39}.Release|Any CPU.ActiveCfg = Release|Any CPU
		{E0074032-AECA-4F23-9AA3-5A2469757C39}.Release|Any CPU.Build.0 = Release|Any CPU
		{8BC420A5-B73D-435C-8C4E-80C06F6F01D0}.Debug|Any CPU.ActiveCfg = Debug|Any CPU
		{8BC420A5-B73D-435C-8C4E-80C06F6F01D0}.Debug|Any CPU.Build.0 = Debug|Any CPU
		{8BC420A5-B73D-435C-8C4E-80C06F6F01D0}.Release|Any CPU.ActiveCfg = Release|Any CPU
		{8BC420A5-B73D-435C-8C4E-80C06F6F01D0}.Release|Any CPU.Build.0 = Release|Any CPU
		{99AB04FC-5DA5-45B8-8983-33EA57CB6D9B}.Debug|Any CPU.ActiveCfg = Debug|Any CPU
		{99AB04FC-5DA5-45B8-8983-33EA57CB6D9B}.Debug|Any CPU.Build.0 = Debug|Any CPU
		{99AB04FC-5DA5-45B8-8983-33EA57CB6D9B}.Release|Any CPU.ActiveCfg = Release|Any CPU
		{99AB04FC-5DA5-45B8-8983-33EA57CB6D9B}.Release|Any CPU.Build.0 = Release|Any CPU
		{E27216C5-87D8-401A-8E25-C2E39B1CF5A2}.Debug|Any CPU.ActiveCfg = Debug|Any CPU
		{E27216C5-87D8-401A-8E25-C2E39B1CF5A2}.Debug|Any CPU.Build.0 = Debug|Any CPU
		{E27216C5-87D8-401A-8E25-C2E39B1CF5A2}.Release|Any CPU.ActiveCfg = Release|Any CPU
		{E27216C5-87D8-401A-8E25-C2E39B1CF5A2}.Release|Any CPU.Build.0 = Release|Any CPU
		{266B89BC-AB31-458E-8269-D5FCAA44232F}.Debug|Any CPU.ActiveCfg = Debug|Any CPU
		{266B89BC-AB31-458E-8269-D5FCAA44232F}.Debug|Any CPU.Build.0 = Debug|Any CPU
		{266B89BC-AB31-458E-8269-D5FCAA44232F}.Release|Any CPU.ActiveCfg = Release|Any CPU
		{266B89BC-AB31-458E-8269-D5FCAA44232F}.Release|Any CPU.Build.0 = Release|Any CPU
		{1DE10616-643D-4ED4-9059-C1B46B6DDE8D}.Debug|Any CPU.ActiveCfg = Debug|Any CPU
		{1DE10616-643D-4ED4-9059-C1B46B6DDE8D}.Debug|Any CPU.Build.0 = Debug|Any CPU
		{1DE10616-643D-4ED4-9059-C1B46B6DDE8D}.Release|Any CPU.ActiveCfg = Release|Any CPU
		{1DE10616-643D-4ED4-9059-C1B46B6DDE8D}.Release|Any CPU.Build.0 = Release|Any CPU
		{2BA09E75-DFD4-450A-ACDB-3CFB5ECC4575}.Debug|Any CPU.ActiveCfg = Debug|Any CPU
		{2BA09E75-DFD4-450A-ACDB-3CFB5ECC4575}.Debug|Any CPU.Build.0 = Debug|Any CPU
		{2BA09E75-DFD4-450A-ACDB-3CFB5ECC4575}.Release|Any CPU.ActiveCfg = Release|Any CPU
		{2BA09E75-DFD4-450A-ACDB-3CFB5ECC4575}.Release|Any CPU.Build.0 = Release|Any CPU
		{EBD00C44-E894-4799-9347-6ACF7D6BB087}.Debug|Any CPU.ActiveCfg = Debug|Any CPU
		{EBD00C44-E894-4799-9347-6ACF7D6BB087}.Debug|Any CPU.Build.0 = Debug|Any CPU
		{EBD00C44-E894-4799-9347-6ACF7D6BB087}.Release|Any CPU.ActiveCfg = Release|Any CPU
		{EBD00C44-E894-4799-9347-6ACF7D6BB087}.Release|Any CPU.Build.0 = Release|Any CPU
		{D428E8BD-8026-4A69-917B-EC2611B4E0EB}.Debug|Any CPU.ActiveCfg = Debug|Any CPU
		{D428E8BD-8026-4A69-917B-EC2611B4E0EB}.Debug|Any CPU.Build.0 = Debug|Any CPU
		{D428E8BD-8026-4A69-917B-EC2611B4E0EB}.Release|Any CPU.ActiveCfg = Release|Any CPU
		{D428E8BD-8026-4A69-917B-EC2611B4E0EB}.Release|Any CPU.Build.0 = Release|Any CPU
		{216F5238-717D-475B-81DC-A6F531C20ADB}.Debug|Any CPU.ActiveCfg = Debug|Any CPU
		{216F5238-717D-475B-81DC-A6F531C20ADB}.Debug|Any CPU.Build.0 = Debug|Any CPU
		{216F5238-717D-475B-81DC-A6F531C20ADB}.Release|Any CPU.ActiveCfg = Release|Any CPU
		{216F5238-717D-475B-81DC-A6F531C20ADB}.Release|Any CPU.Build.0 = Release|Any CPU
		{03D2C924-E99A-400B-8607-905937B0E2DC}.Debug|Any CPU.ActiveCfg = Debug|Any CPU
		{03D2C924-E99A-400B-8607-905937B0E2DC}.Debug|Any CPU.Build.0 = Debug|Any CPU
		{03D2C924-E99A-400B-8607-905937B0E2DC}.Release|Any CPU.ActiveCfg = Release|Any CPU
		{03D2C924-E99A-400B-8607-905937B0E2DC}.Release|Any CPU.Build.0 = Release|Any CPU
		{4C1169F7-ED88-4DD6-AAFE-F1EA7E7578A2}.Debug|Any CPU.ActiveCfg = Debug|Any CPU
		{4C1169F7-ED88-4DD6-AAFE-F1EA7E7578A2}.Debug|Any CPU.Build.0 = Debug|Any CPU
		{4C1169F7-ED88-4DD6-AAFE-F1EA7E7578A2}.Release|Any CPU.ActiveCfg = Release|Any CPU
		{4C1169F7-ED88-4DD6-AAFE-F1EA7E7578A2}.Release|Any CPU.Build.0 = Release|Any CPU
		{826C457B-F319-4802-92F1-9BE4DF4A8AF3}.Debug|Any CPU.ActiveCfg = Debug|Any CPU
		{826C457B-F319-4802-92F1-9BE4DF4A8AF3}.Debug|Any CPU.Build.0 = Debug|Any CPU
		{826C457B-F319-4802-92F1-9BE4DF4A8AF3}.Release|Any CPU.ActiveCfg = Release|Any CPU
		{826C457B-F319-4802-92F1-9BE4DF4A8AF3}.Release|Any CPU.Build.0 = Release|Any CPU
		{1495C006-3155-4167-B981-697632C14EEE}.Debug|Any CPU.ActiveCfg = Debug|Any CPU
		{1495C006-3155-4167-B981-697632C14EEE}.Debug|Any CPU.Build.0 = Debug|Any CPU
		{1495C006-3155-4167-B981-697632C14EEE}.Release|Any CPU.ActiveCfg = Release|Any CPU
		{1495C006-3155-4167-B981-697632C14EEE}.Release|Any CPU.Build.0 = Release|Any CPU
	EndGlobalSection
	GlobalSection(SolutionProperties) = preSolution
		HideSolutionNode = FALSE
	EndGlobalSection
	GlobalSection(ExtensibilityGlobals) = postSolution
		SolutionGuid = {F6891E96-2A74-4BA4-AF2B-FD36D218A228}
	EndGlobalSection
EndGlobal
