
Microsoft Visual Studio Solution File, Format Version 12.00
# Visual Studio Version 17
VisualStudioVersion = 17.2.32630.192
MinimumVisualStudioVersion = 10.0.40219.1
Project("{9A19103F-16F7-4668-BE54-9A1E7A4F7556}") = "R5T.F0082", "R5T.F0082\R5T.F0082.csproj", "{56D81E1F-B973-4881-9AB4-74F236230F84}"
EndProject
Project("{2150E333-8FDC-42A3-9474-1A3956D46DE8}") = "_Dependencies", "_Dependencies", "{9065075B-650B-4B8A-9530-ACAC147E6968}"
EndProject
Project("{9A19103F-16F7-4668-BE54-9A1E7A4F7556}") = "R5T.F0000", "..\..\R5T.F0000\source\R5T.F0000\R5T.F0000.csproj", "{4EF78C49-5519-4951-98B9-35425B0D36E4}"
EndProject
Project("{9A19103F-16F7-4668-BE54-9A1E7A4F7556}") = "R5T.F0050", "..\..\R5T.F0050\source\R5T.F0050\R5T.F0050.csproj", "{6467BD37-FFAA-47CC-9D4C-BD881AD1738C}"
EndProject
Project("{9A19103F-16F7-4668-BE54-9A1E7A4F7556}") = "R5T.F0059", "..\..\R5T.F0059\source\R5T.F0059\R5T.F0059.csproj", "{1956EB6C-0344-4F2D-ADA8-16E3056E8D76}"
EndProject
Project("{9A19103F-16F7-4668-BE54-9A1E7A4F7556}") = "R5T.L0053", "..\..\R5T.L0053\source\R5T.L0053\R5T.L0053.csproj", "{A581B661-9F86-497C-B894-92C861606304}"
EndProject
Project("{9A19103F-16F7-4668-BE54-9A1E7A4F7556}") = "R5T.L0066", "..\..\R5T.L0066\source\R5T.L0066\R5T.L0066.csproj", "{68EE3AF1-C2C0-4617-98D2-DBED9053C6F2}"
EndProject
Project("{9A19103F-16F7-4668-BE54-9A1E7A4F7556}") = "R5T.L0071", "..\..\R5T.L0071\source\R5T.L0071\R5T.L0071.csproj", "{FDC1330C-027A-412D-B186-5CBB69730A10}"
EndProject
Project("{9A19103F-16F7-4668-BE54-9A1E7A4F7556}") = "R5T.L0089.F000", "..\..\R5T.L0089\source\R5T.L0089.F000\R5T.L0089.F000.csproj", "{D32F408B-0214-4795-90E0-0E8A79A13902}"
EndProject
Project("{9A19103F-16F7-4668-BE54-9A1E7A4F7556}") = "R5T.L0089.T000", "..\..\R5T.L0089\source\R5T.L0089.T000\R5T.L0089.T000.csproj", "{0344A78D-C0AE-4114-B02A-D90CD097118A}"
EndProject
Project("{9A19103F-16F7-4668-BE54-9A1E7A4F7556}") = "R5T.L0089", "..\..\R5T.L0089\source\R5T.L0089\R5T.L0089.csproj", "{4B27ED2F-0C80-4AF7-A1BB-6C0323FFB5AA}"
EndProject
Project("{9A19103F-16F7-4668-BE54-9A1E7A4F7556}") = "R5T.NG0006", "..\..\R5T.NG0006\source\R5T.NG0006\R5T.NG0006.csproj", "{4DFE8E70-6EB9-4948-AE96-ED49266C7D92}"
EndProject
Project("{9A19103F-16F7-4668-BE54-9A1E7A4F7556}") = "R5T.T0131", "..\..\R5T.T0131\source\R5T.T0131\R5T.T0131.csproj", "{4342F07B-4110-4AB0-80A3-6306C0CB8814}"
EndProject
Project("{9A19103F-16F7-4668-BE54-9A1E7A4F7556}") = "R5T.T0132", "..\..\R5T.T0132\source\R5T.T0132\R5T.T0132.csproj", "{A6516F79-25C7-4F8E-977E-FD4616BFAF0A}"
EndProject
Project("{9A19103F-16F7-4668-BE54-9A1E7A4F7556}") = "R5T.T0142", "..\..\R5T.T0142\source\R5T.T0142\R5T.T0142.csproj", "{F19D671E-F6C8-44F0-90E0-D4435E827F78}"
EndProject
Project("{9A19103F-16F7-4668-BE54-9A1E7A4F7556}") = "R5T.T0143", "..\..\R5T.T0143\source\R5T.T0143\R5T.T0143.csproj", "{9C459219-FF06-4DE3-8B65-DF0EF4C768E7}"
EndProject
Project("{9A19103F-16F7-4668-BE54-9A1E7A4F7556}") = "R5T.T0156", "..\..\R5T.T0156\source\R5T.T0156\R5T.T0156.csproj", "{9772142D-1736-49AC-BB49-18E090956E9C}"
EndProject
Project("{9A19103F-16F7-4668-BE54-9A1E7A4F7556}") = "R5T.T0158", "..\..\R5T.T0158\source\R5T.T0158\R5T.T0158.csproj", "{BD486798-17E0-487E-A307-AE58539EE39C}"
EndProject
Project("{9A19103F-16F7-4668-BE54-9A1E7A4F7556}") = "R5T.T0159", "..\..\R5T.T0159\source\R5T.T0159\R5T.T0159.csproj", "{73C27083-55C1-40FF-B466-F0B904D2467D}"
EndProject
Project("{9A19103F-16F7-4668-BE54-9A1E7A4F7556}") = "R5T.T0221", "..\..\R5T.T0221\source\R5T.T0221\R5T.T0221.csproj", "{FE51695A-D31A-4291-A45C-D82340EA6339}"
EndProject
Project("{9A19103F-16F7-4668-BE54-9A1E7A4F7556}") = "R5T.T0241", "..\..\R5T.T0241\source\R5T.T0241\R5T.T0241.csproj", "{E8E0D3BC-D2CC-44B1-A3F3-BF077C411E56}"
EndProject
Project("{9A19103F-16F7-4668-BE54-9A1E7A4F7556}") = "R5T.Y0000", "..\..\R5T.Y0000\source\R5T.Y0000\R5T.Y0000.csproj", "{78480775-835D-4E7D-B248-3035F6275A72}"
EndProject
Project("{9A19103F-16F7-4668-BE54-9A1E7A4F7556}") = "R5T.Y0006", "..\..\R5T.Y0006\source\R5T.Y0006\R5T.Y0006.csproj", "{5071CF56-4A44-498E-B12B-F363D562BC9F}"
EndProject
Project("{9A19103F-16F7-4668-BE54-9A1E7A4F7556}") = "R5T.Z0000", "..\..\R5T.Z0000\source\R5T.Z0000\R5T.Z0000.csproj", "{B280E080-A4B2-40E1-8F4F-01B193546118}"
EndProject
Project("{9A19103F-16F7-4668-BE54-9A1E7A4F7556}") = "R5T.Z0010.Platform", "..\..\R5T.Z0010\source\R5T.Z0010.Platform\R5T.Z0010.Platform.csproj", "{FFEFEB09-897D-48FC-955B-D69FBAB8F3A9}"
EndProject
Project("{9A19103F-16F7-4668-BE54-9A1E7A4F7556}") = "R5T.Z0071.Z000", "..\..\R5T.Z0071\source\R5T.Z0071.Z000\R5T.Z0071.Z000.csproj", "{974AADD3-5595-4260-BA02-499809A3AD2D}"
EndProject
Project("{9A19103F-16F7-4668-BE54-9A1E7A4F7556}") = "R5T.Z0071.Z002", "..\..\R5T.Z0071\source\R5T.Z0071.Z002\R5T.Z0071.Z002.csproj", "{2BC66DDD-28B2-4531-A5F1-4F5B9A809A40}"
EndProject
Project("{9A19103F-16F7-4668-BE54-9A1E7A4F7556}") = "R5T.Z0072.Z000", "..\..\R5T.Z0072\source\R5T.Z0072.Z000\R5T.Z0072.Z000.csproj", "{56A855E1-EDF0-43B1-91AA-924F94306D6F}"
EndProject
Project("{9A19103F-16F7-4668-BE54-9A1E7A4F7556}") = "R5T.Z0072.Z002", "..\..\R5T.Z0072\source\R5T.Z0072.Z002\R5T.Z0072.Z002.csproj", "{9087860D-F212-4E24-9EF7-57EF24ADA27E}"
EndProject
Global
	GlobalSection(NestedProjects) = preSolution
		{4EF78C49-5519-4951-98B9-35425B0D36E4} = {9065075B-650B-4B8A-9530-ACAC147E6968}
		{6467BD37-FFAA-47CC-9D4C-BD881AD1738C} = {9065075B-650B-4B8A-9530-ACAC147E6968}
		{1956EB6C-0344-4F2D-ADA8-16E3056E8D76} = {9065075B-650B-4B8A-9530-ACAC147E6968}
		{A581B661-9F86-497C-B894-92C861606304} = {9065075B-650B-4B8A-9530-ACAC147E6968}
		{68EE3AF1-C2C0-4617-98D2-DBED9053C6F2} = {9065075B-650B-4B8A-9530-ACAC147E6968}
		{FDC1330C-027A-412D-B186-5CBB69730A10} = {9065075B-650B-4B8A-9530-ACAC147E6968}
		{D32F408B-0214-4795-90E0-0E8A79A13902} = {9065075B-650B-4B8A-9530-ACAC147E6968}
		{0344A78D-C0AE-4114-B02A-D90CD097118A} = {9065075B-650B-4B8A-9530-ACAC147E6968}
		{4B27ED2F-0C80-4AF7-A1BB-6C0323FFB5AA} = {9065075B-650B-4B8A-9530-ACAC147E6968}
		{4DFE8E70-6EB9-4948-AE96-ED49266C7D92} = {9065075B-650B-4B8A-9530-ACAC147E6968}
		{4342F07B-4110-4AB0-80A3-6306C0CB8814} = {9065075B-650B-4B8A-9530-ACAC147E6968}
		{A6516F79-25C7-4F8E-977E-FD4616BFAF0A} = {9065075B-650B-4B8A-9530-ACAC147E6968}
		{F19D671E-F6C8-44F0-90E0-D4435E827F78} = {9065075B-650B-4B8A-9530-ACAC147E6968}
		{9C459219-FF06-4DE3-8B65-DF0EF4C768E7} = {9065075B-650B-4B8A-9530-ACAC147E6968}
		{9772142D-1736-49AC-BB49-18E090956E9C} = {9065075B-650B-4B8A-9530-ACAC147E6968}
		{BD486798-17E0-487E-A307-AE58539EE39C} = {9065075B-650B-4B8A-9530-ACAC147E6968}
		{73C27083-55C1-40FF-B466-F0B904D2467D} = {9065075B-650B-4B8A-9530-ACAC147E6968}
		{FE51695A-D31A-4291-A45C-D82340EA6339} = {9065075B-650B-4B8A-9530-ACAC147E6968}
		{E8E0D3BC-D2CC-44B1-A3F3-BF077C411E56} = {9065075B-650B-4B8A-9530-ACAC147E6968}
		{78480775-835D-4E7D-B248-3035F6275A72} = {9065075B-650B-4B8A-9530-ACAC147E6968}
		{5071CF56-4A44-498E-B12B-F363D562BC9F} = {9065075B-650B-4B8A-9530-ACAC147E6968}
		{B280E080-A4B2-40E1-8F4F-01B193546118} = {9065075B-650B-4B8A-9530-ACAC147E6968}
		{FFEFEB09-897D-48FC-955B-D69FBAB8F3A9} = {9065075B-650B-4B8A-9530-ACAC147E6968}
		{974AADD3-5595-4260-BA02-499809A3AD2D} = {9065075B-650B-4B8A-9530-ACAC147E6968}
		{2BC66DDD-28B2-4531-A5F1-4F5B9A809A40} = {9065075B-650B-4B8A-9530-ACAC147E6968}
		{56A855E1-EDF0-43B1-91AA-924F94306D6F} = {9065075B-650B-4B8A-9530-ACAC147E6968}
		{9087860D-F212-4E24-9EF7-57EF24ADA27E} = {9065075B-650B-4B8A-9530-ACAC147E6968}
	EndGlobalSection
	GlobalSection(SolutionConfigurationPlatforms) = preSolution
		Debug|Any CPU = Debug|Any CPU
		Release|Any CPU = Release|Any CPU
	EndGlobalSection
	GlobalSection(ProjectConfigurationPlatforms) = postSolution
		{56D81E1F-B973-4881-9AB4-74F236230F84}.Debug|Any CPU.ActiveCfg = Debug|Any CPU
		{56D81E1F-B973-4881-9AB4-74F236230F84}.Debug|Any CPU.Build.0 = Debug|Any CPU
		{56D81E1F-B973-4881-9AB4-74F236230F84}.Release|Any CPU.ActiveCfg = Release|Any CPU
		{56D81E1F-B973-4881-9AB4-74F236230F84}.Release|Any CPU.Build.0 = Release|Any CPU
		{4EF78C49-5519-4951-98B9-35425B0D36E4}.Debug|Any CPU.ActiveCfg = Debug|Any CPU
		{4EF78C49-5519-4951-98B9-35425B0D36E4}.Debug|Any CPU.Build.0 = Debug|Any CPU
		{4EF78C49-5519-4951-98B9-35425B0D36E4}.Release|Any CPU.ActiveCfg = Release|Any CPU
		{4EF78C49-5519-4951-98B9-35425B0D36E4}.Release|Any CPU.Build.0 = Release|Any CPU
		{6467BD37-FFAA-47CC-9D4C-BD881AD1738C}.Debug|Any CPU.ActiveCfg = Debug|Any CPU
		{6467BD37-FFAA-47CC-9D4C-BD881AD1738C}.Debug|Any CPU.Build.0 = Debug|Any CPU
		{6467BD37-FFAA-47CC-9D4C-BD881AD1738C}.Release|Any CPU.ActiveCfg = Release|Any CPU
		{6467BD37-FFAA-47CC-9D4C-BD881AD1738C}.Release|Any CPU.Build.0 = Release|Any CPU
		{1956EB6C-0344-4F2D-ADA8-16E3056E8D76}.Debug|Any CPU.ActiveCfg = Debug|Any CPU
		{1956EB6C-0344-4F2D-ADA8-16E3056E8D76}.Debug|Any CPU.Build.0 = Debug|Any CPU
		{1956EB6C-0344-4F2D-ADA8-16E3056E8D76}.Release|Any CPU.ActiveCfg = Release|Any CPU
		{1956EB6C-0344-4F2D-ADA8-16E3056E8D76}.Release|Any CPU.Build.0 = Release|Any CPU
		{A581B661-9F86-497C-B894-92C861606304}.Debug|Any CPU.ActiveCfg = Debug|Any CPU
		{A581B661-9F86-497C-B894-92C861606304}.Debug|Any CPU.Build.0 = Debug|Any CPU
		{A581B661-9F86-497C-B894-92C861606304}.Release|Any CPU.ActiveCfg = Release|Any CPU
		{A581B661-9F86-497C-B894-92C861606304}.Release|Any CPU.Build.0 = Release|Any CPU
		{68EE3AF1-C2C0-4617-98D2-DBED9053C6F2}.Debug|Any CPU.ActiveCfg = Debug|Any CPU
		{68EE3AF1-C2C0-4617-98D2-DBED9053C6F2}.Debug|Any CPU.Build.0 = Debug|Any CPU
		{68EE3AF1-C2C0-4617-98D2-DBED9053C6F2}.Release|Any CPU.ActiveCfg = Release|Any CPU
		{68EE3AF1-C2C0-4617-98D2-DBED9053C6F2}.Release|Any CPU.Build.0 = Release|Any CPU
		{FDC1330C-027A-412D-B186-5CBB69730A10}.Debug|Any CPU.ActiveCfg = Debug|Any CPU
		{FDC1330C-027A-412D-B186-5CBB69730A10}.Debug|Any CPU.Build.0 = Debug|Any CPU
		{FDC1330C-027A-412D-B186-5CBB69730A10}.Release|Any CPU.ActiveCfg = Release|Any CPU
		{FDC1330C-027A-412D-B186-5CBB69730A10}.Release|Any CPU.Build.0 = Release|Any CPU
		{D32F408B-0214-4795-90E0-0E8A79A13902}.Debug|Any CPU.ActiveCfg = Debug|Any CPU
		{D32F408B-0214-4795-90E0-0E8A79A13902}.Debug|Any CPU.Build.0 = Debug|Any CPU
		{D32F408B-0214-4795-90E0-0E8A79A13902}.Release|Any CPU.ActiveCfg = Release|Any CPU
		{D32F408B-0214-4795-90E0-0E8A79A13902}.Release|Any CPU.Build.0 = Release|Any CPU
		{0344A78D-C0AE-4114-B02A-D90CD097118A}.Debug|Any CPU.ActiveCfg = Debug|Any CPU
		{0344A78D-C0AE-4114-B02A-D90CD097118A}.Debug|Any CPU.Build.0 = Debug|Any CPU
		{0344A78D-C0AE-4114-B02A-D90CD097118A}.Release|Any CPU.ActiveCfg = Release|Any CPU
		{0344A78D-C0AE-4114-B02A-D90CD097118A}.Release|Any CPU.Build.0 = Release|Any CPU
		{4B27ED2F-0C80-4AF7-A1BB-6C0323FFB5AA}.Debug|Any CPU.ActiveCfg = Debug|Any CPU
		{4B27ED2F-0C80-4AF7-A1BB-6C0323FFB5AA}.Debug|Any CPU.Build.0 = Debug|Any CPU
		{4B27ED2F-0C80-4AF7-A1BB-6C0323FFB5AA}.Release|Any CPU.ActiveCfg = Release|Any CPU
		{4B27ED2F-0C80-4AF7-A1BB-6C0323FFB5AA}.Release|Any CPU.Build.0 = Release|Any CPU
		{4DFE8E70-6EB9-4948-AE96-ED49266C7D92}.Debug|Any CPU.ActiveCfg = Debug|Any CPU
		{4DFE8E70-6EB9-4948-AE96-ED49266C7D92}.Debug|Any CPU.Build.0 = Debug|Any CPU
		{4DFE8E70-6EB9-4948-AE96-ED49266C7D92}.Release|Any CPU.ActiveCfg = Release|Any CPU
		{4DFE8E70-6EB9-4948-AE96-ED49266C7D92}.Release|Any CPU.Build.0 = Release|Any CPU
		{4342F07B-4110-4AB0-80A3-6306C0CB8814}.Debug|Any CPU.ActiveCfg = Debug|Any CPU
		{4342F07B-4110-4AB0-80A3-6306C0CB8814}.Debug|Any CPU.Build.0 = Debug|Any CPU
		{4342F07B-4110-4AB0-80A3-6306C0CB8814}.Release|Any CPU.ActiveCfg = Release|Any CPU
		{4342F07B-4110-4AB0-80A3-6306C0CB8814}.Release|Any CPU.Build.0 = Release|Any CPU
		{A6516F79-25C7-4F8E-977E-FD4616BFAF0A}.Debug|Any CPU.ActiveCfg = Debug|Any CPU
		{A6516F79-25C7-4F8E-977E-FD4616BFAF0A}.Debug|Any CPU.Build.0 = Debug|Any CPU
		{A6516F79-25C7-4F8E-977E-FD4616BFAF0A}.Release|Any CPU.ActiveCfg = Release|Any CPU
		{A6516F79-25C7-4F8E-977E-FD4616BFAF0A}.Release|Any CPU.Build.0 = Release|Any CPU
		{F19D671E-F6C8-44F0-90E0-D4435E827F78}.Debug|Any CPU.ActiveCfg = Debug|Any CPU
		{F19D671E-F6C8-44F0-90E0-D4435E827F78}.Debug|Any CPU.Build.0 = Debug|Any CPU
		{F19D671E-F6C8-44F0-90E0-D4435E827F78}.Release|Any CPU.ActiveCfg = Release|Any CPU
		{F19D671E-F6C8-44F0-90E0-D4435E827F78}.Release|Any CPU.Build.0 = Release|Any CPU
		{9C459219-FF06-4DE3-8B65-DF0EF4C768E7}.Debug|Any CPU.ActiveCfg = Debug|Any CPU
		{9C459219-FF06-4DE3-8B65-DF0EF4C768E7}.Debug|Any CPU.Build.0 = Debug|Any CPU
		{9C459219-FF06-4DE3-8B65-DF0EF4C768E7}.Release|Any CPU.ActiveCfg = Release|Any CPU
		{9C459219-FF06-4DE3-8B65-DF0EF4C768E7}.Release|Any CPU.Build.0 = Release|Any CPU
		{9772142D-1736-49AC-BB49-18E090956E9C}.Debug|Any CPU.ActiveCfg = Debug|Any CPU
		{9772142D-1736-49AC-BB49-18E090956E9C}.Debug|Any CPU.Build.0 = Debug|Any CPU
		{9772142D-1736-49AC-BB49-18E090956E9C}.Release|Any CPU.ActiveCfg = Release|Any CPU
		{9772142D-1736-49AC-BB49-18E090956E9C}.Release|Any CPU.Build.0 = Release|Any CPU
		{BD486798-17E0-487E-A307-AE58539EE39C}.Debug|Any CPU.ActiveCfg = Debug|Any CPU
		{BD486798-17E0-487E-A307-AE58539EE39C}.Debug|Any CPU.Build.0 = Debug|Any CPU
		{BD486798-17E0-487E-A307-AE58539EE39C}.Release|Any CPU.ActiveCfg = Release|Any CPU
		{BD486798-17E0-487E-A307-AE58539EE39C}.Release|Any CPU.Build.0 = Release|Any CPU
		{73C27083-55C1-40FF-B466-F0B904D2467D}.Debug|Any CPU.ActiveCfg = Debug|Any CPU
		{73C27083-55C1-40FF-B466-F0B904D2467D}.Debug|Any CPU.Build.0 = Debug|Any CPU
		{73C27083-55C1-40FF-B466-F0B904D2467D}.Release|Any CPU.ActiveCfg = Release|Any CPU
		{73C27083-55C1-40FF-B466-F0B904D2467D}.Release|Any CPU.Build.0 = Release|Any CPU
		{FE51695A-D31A-4291-A45C-D82340EA6339}.Debug|Any CPU.ActiveCfg = Debug|Any CPU
		{FE51695A-D31A-4291-A45C-D82340EA6339}.Debug|Any CPU.Build.0 = Debug|Any CPU
		{FE51695A-D31A-4291-A45C-D82340EA6339}.Release|Any CPU.ActiveCfg = Release|Any CPU
		{FE51695A-D31A-4291-A45C-D82340EA6339}.Release|Any CPU.Build.0 = Release|Any CPU
		{E8E0D3BC-D2CC-44B1-A3F3-BF077C411E56}.Debug|Any CPU.ActiveCfg = Debug|Any CPU
		{E8E0D3BC-D2CC-44B1-A3F3-BF077C411E56}.Debug|Any CPU.Build.0 = Debug|Any CPU
		{E8E0D3BC-D2CC-44B1-A3F3-BF077C411E56}.Release|Any CPU.ActiveCfg = Release|Any CPU
		{E8E0D3BC-D2CC-44B1-A3F3-BF077C411E56}.Release|Any CPU.Build.0 = Release|Any CPU
		{78480775-835D-4E7D-B248-3035F6275A72}.Debug|Any CPU.ActiveCfg = Debug|Any CPU
		{78480775-835D-4E7D-B248-3035F6275A72}.Debug|Any CPU.Build.0 = Debug|Any CPU
		{78480775-835D-4E7D-B248-3035F6275A72}.Release|Any CPU.ActiveCfg = Release|Any CPU
		{78480775-835D-4E7D-B248-3035F6275A72}.Release|Any CPU.Build.0 = Release|Any CPU
		{5071CF56-4A44-498E-B12B-F363D562BC9F}.Debug|Any CPU.ActiveCfg = Debug|Any CPU
		{5071CF56-4A44-498E-B12B-F363D562BC9F}.Debug|Any CPU.Build.0 = Debug|Any CPU
		{5071CF56-4A44-498E-B12B-F363D562BC9F}.Release|Any CPU.ActiveCfg = Release|Any CPU
		{5071CF56-4A44-498E-B12B-F363D562BC9F}.Release|Any CPU.Build.0 = Release|Any CPU
		{B280E080-A4B2-40E1-8F4F-01B193546118}.Debug|Any CPU.ActiveCfg = Debug|Any CPU
		{B280E080-A4B2-40E1-8F4F-01B193546118}.Debug|Any CPU.Build.0 = Debug|Any CPU
		{B280E080-A4B2-40E1-8F4F-01B193546118}.Release|Any CPU.ActiveCfg = Release|Any CPU
		{B280E080-A4B2-40E1-8F4F-01B193546118}.Release|Any CPU.Build.0 = Release|Any CPU
		{FFEFEB09-897D-48FC-955B-D69FBAB8F3A9}.Debug|Any CPU.ActiveCfg = Debug|Any CPU
		{FFEFEB09-897D-48FC-955B-D69FBAB8F3A9}.Debug|Any CPU.Build.0 = Debug|Any CPU
		{FFEFEB09-897D-48FC-955B-D69FBAB8F3A9}.Release|Any CPU.ActiveCfg = Release|Any CPU
		{FFEFEB09-897D-48FC-955B-D69FBAB8F3A9}.Release|Any CPU.Build.0 = Release|Any CPU
		{974AADD3-5595-4260-BA02-499809A3AD2D}.Debug|Any CPU.ActiveCfg = Debug|Any CPU
		{974AADD3-5595-4260-BA02-499809A3AD2D}.Debug|Any CPU.Build.0 = Debug|Any CPU
		{974AADD3-5595-4260-BA02-499809A3AD2D}.Release|Any CPU.ActiveCfg = Release|Any CPU
		{974AADD3-5595-4260-BA02-499809A3AD2D}.Release|Any CPU.Build.0 = Release|Any CPU
		{2BC66DDD-28B2-4531-A5F1-4F5B9A809A40}.Debug|Any CPU.ActiveCfg = Debug|Any CPU
		{2BC66DDD-28B2-4531-A5F1-4F5B9A809A40}.Debug|Any CPU.Build.0 = Debug|Any CPU
		{2BC66DDD-28B2-4531-A5F1-4F5B9A809A40}.Release|Any CPU.ActiveCfg = Release|Any CPU
		{2BC66DDD-28B2-4531-A5F1-4F5B9A809A40}.Release|Any CPU.Build.0 = Release|Any CPU
		{56A855E1-EDF0-43B1-91AA-924F94306D6F}.Debug|Any CPU.ActiveCfg = Debug|Any CPU
		{56A855E1-EDF0-43B1-91AA-924F94306D6F}.Debug|Any CPU.Build.0 = Debug|Any CPU
		{56A855E1-EDF0-43B1-91AA-924F94306D6F}.Release|Any CPU.ActiveCfg = Release|Any CPU
		{56A855E1-EDF0-43B1-91AA-924F94306D6F}.Release|Any CPU.Build.0 = Release|Any CPU
		{9087860D-F212-4E24-9EF7-57EF24ADA27E}.Debug|Any CPU.ActiveCfg = Debug|Any CPU
		{9087860D-F212-4E24-9EF7-57EF24ADA27E}.Debug|Any CPU.Build.0 = Debug|Any CPU
		{9087860D-F212-4E24-9EF7-57EF24ADA27E}.Release|Any CPU.ActiveCfg = Release|Any CPU
		{9087860D-F212-4E24-9EF7-57EF24ADA27E}.Release|Any CPU.Build.0 = Release|Any CPU
	EndGlobalSection
	GlobalSection(SolutionProperties) = preSolution
		HideSolutionNode = FALSE
	EndGlobalSection
	GlobalSection(ExtensibilityGlobals) = postSolution
		SolutionGuid = {BFD889A6-9DD2-47E1-87B4-5D13847906DB}
	EndGlobalSection
EndGlobal
